// !$*UTF8*$!
{
	archiveVersion = 1;
	classes = {
	};
	objectVersion = 46;
	objects = {

/* Begin PBXBuildFile section */
		9603A89418983FC2007B03E2 /* MRBlurView.m in Sources */ = {isa = PBXBuildFile; fileRef = 9603A87C18983FC2007B03E2 /* MRBlurView.m */; };
		9603A89518983FC2007B03E2 /* UIImage+MRImageEffects.m in Sources */ = {isa = PBXBuildFile; fileRef = 9603A87E18983FC2007B03E2 /* UIImage+MRImageEffects.m */; };
		9603A89618983FC2007B03E2 /* MRActivityIndicatorView.m in Sources */ = {isa = PBXBuildFile; fileRef = 9603A88118983FC2007B03E2 /* MRActivityIndicatorView.m */; };
		9603A89718983FC2007B03E2 /* MRCircularProgressView.m in Sources */ = {isa = PBXBuildFile; fileRef = 9603A88318983FC2007B03E2 /* MRCircularProgressView.m */; };
		9603A89818983FC2007B03E2 /* MRIconView.m in Sources */ = {isa = PBXBuildFile; fileRef = 9603A88518983FC2007B03E2 /* MRIconView.m */; };
		9603A89918983FC2007B03E2 /* MRNavigationBarProgressView.m in Sources */ = {isa = PBXBuildFile; fileRef = 9603A88718983FC2007B03E2 /* MRNavigationBarProgressView.m */; };
		9603A89A18983FC2007B03E2 /* MRProgressOverlayView.m in Sources */ = {isa = PBXBuildFile; fileRef = 9603A88918983FC2007B03E2 /* MRProgressOverlayView.m */; };
		9603A89B18983FC2007B03E2 /* MRStopButton.m in Sources */ = {isa = PBXBuildFile; fileRef = 9603A88C18983FC2007B03E2 /* MRStopButton.m */; };
		9603A89C18983FC2007B03E2 /* MRMessageInterceptor.m in Sources */ = {isa = PBXBuildFile; fileRef = 9603A89018983FC2007B03E2 /* MRMessageInterceptor.m */; };
		9603A89D18983FC2007B03E2 /* MRWeakProxy.m in Sources */ = {isa = PBXBuildFile; fileRef = 9603A89318983FC2007B03E2 /* MRWeakProxy.m */; };
		962601901975DC9600F415E5 /* ZoomInteractiveTransition.m in Sources */ = {isa = PBXBuildFile; fileRef = 9626018C1975DC9600F415E5 /* ZoomInteractiveTransition.m */; };
		962601911975DC9600F415E5 /* UIView+Snapshotting.m in Sources */ = {isa = PBXBuildFile; fileRef = 9626018F1975DC9600F415E5 /* UIView+Snapshotting.m */; };
		9638E1F1188879C200062B4C /* Foundation.framework in Frameworks */ = {isa = PBXBuildFile; fileRef = 9638E1F0188879C200062B4C /* Foundation.framework */; };
		9638E1F3188879C200062B4C /* CoreGraphics.framework in Frameworks */ = {isa = PBXBuildFile; fileRef = 9638E1F2188879C200062B4C /* CoreGraphics.framework */; };
		9638E1F5188879C200062B4C /* UIKit.framework in Frameworks */ = {isa = PBXBuildFile; fileRef = 9638E1F4188879C200062B4C /* UIKit.framework */; };
		9638E1FB188879C200062B4C /* InfoPlist.strings in Resources */ = {isa = PBXBuildFile; fileRef = 9638E1F9188879C200062B4C /* InfoPlist.strings */; };
		9638E1FD188879C200062B4C /* main.m in Sources */ = {isa = PBXBuildFile; fileRef = 9638E1FC188879C200062B4C /* main.m */; };
		9638E201188879C200062B4C /* HNAppDelegate.m in Sources */ = {isa = PBXBuildFile; fileRef = 9638E200188879C200062B4C /* HNAppDelegate.m */; };
		9638E203188879C200062B4C /* Images.xcassets in Resources */ = {isa = PBXBuildFile; fileRef = 9638E202188879C200062B4C /* Images.xcassets */; };
		9638E20A188879C200062B4C /* XCTest.framework in Frameworks */ = {isa = PBXBuildFile; fileRef = 9638E209188879C200062B4C /* XCTest.framework */; };
		9638E20B188879C200062B4C /* Foundation.framework in Frameworks */ = {isa = PBXBuildFile; fileRef = 9638E1F0188879C200062B4C /* Foundation.framework */; };
		9638E20C188879C200062B4C /* UIKit.framework in Frameworks */ = {isa = PBXBuildFile; fileRef = 9638E1F4188879C200062B4C /* UIKit.framework */; };
		9638E214188879C200062B4C /* InfoPlist.strings in Resources */ = {isa = PBXBuildFile; fileRef = 9638E212188879C200062B4C /* InfoPlist.strings */; };
		9638E216188879C200062B4C /* Habari_NewsTests.m in Sources */ = {isa = PBXBuildFile; fileRef = 9638E215188879C200062B4C /* Habari_NewsTests.m */; };
		9638E22618887A6200062B4C /* RECommonFunctions.m in Sources */ = {isa = PBXBuildFile; fileRef = 9638E22118887A6200062B4C /* RECommonFunctions.m */; };
		9638E22718887A6200062B4C /* RESideMenu.m in Sources */ = {isa = PBXBuildFile; fileRef = 9638E22318887A6200062B4C /* RESideMenu.m */; };
		9638E22818887A6200062B4C /* UIViewController+RESideMenu.m in Sources */ = {isa = PBXBuildFile; fileRef = 9638E22518887A6200062B4C /* UIViewController+RESideMenu.m */; };
		9638E22C18887C3500062B4C /* HNGenericNewsViewController.m in Sources */ = {isa = PBXBuildFile; fileRef = 9638E22B18887C3500062B4C /* HNGenericNewsViewController.m */; };
		9638E23018887C6200062B4C /* HNSettingsViewController.m in Sources */ = {isa = PBXBuildFile; fileRef = 9638E22F18887C6200062B4C /* HNSettingsViewController.m */; };
		9638E23418887CBD00062B4C /* HNFeedBackViewController.m in Sources */ = {isa = PBXBuildFile; fileRef = 9638E23318887CBD00062B4C /* HNFeedBackViewController.m */; };
		9638E23918887D7500062B4C /* HNLeftMenuViewController.m in Sources */ = {isa = PBXBuildFile; fileRef = 9638E23818887D7500062B4C /* HNLeftMenuViewController.m */; };
		9638E241188891E200062B4C /* menu-icon.png in Resources */ = {isa = PBXBuildFile; fileRef = 9638E23F188891E200062B4C /* menu-icon.png */; };
		9638E242188891E200062B4C /* menu-icon@2x.png in Resources */ = {isa = PBXBuildFile; fileRef = 9638E240188891E200062B4C /* menu-icon@2x.png */; };
		9638E48518889C3900062B4C /* Article.m in Sources */ = {isa = PBXBuildFile; fileRef = 9638E48418889C3900062B4C /* Article.m */; };
		9638E4CA1888A27300062B4C /* HNClient.m in Sources */ = {isa = PBXBuildFile; fileRef = 9638E4C91888A27300062B4C /* HNClient.m */; };
		9638E5061888AB0E00062B4C /* Accounts.framework in Frameworks */ = {isa = PBXBuildFile; fileRef = 9638E5051888AB0E00062B4C /* Accounts.framework */; };
		9638E5081888AB1900062B4C /* Social.framework in Frameworks */ = {isa = PBXBuildFile; fileRef = 9638E5071888AB1900062B4C /* Social.framework */; };
		96439E3018E86348000BC672 /* HNWebButton.m in Sources */ = {isa = PBXBuildFile; fileRef = 96439E2F18E86348000BC672 /* HNWebButton.m */; };
		96439E3218E86418000BC672 /* HNWebButton.xib in Resources */ = {isa = PBXBuildFile; fileRef = 96439E3118E86418000BC672 /* HNWebButton.xib */; };
		967D67CB18C6A8CE005F84D2 /* UIColor+FlatUI.m in Sources */ = {isa = PBXBuildFile; fileRef = 967D67C218C6A8CE005F84D2 /* UIColor+FlatUI.m */; };
		967D67CC18C6A8CE005F84D2 /* UIFont+Additions.m in Sources */ = {isa = PBXBuildFile; fileRef = 967D67C418C6A8CE005F84D2 /* UIFont+Additions.m */; };
		967D67CD18C6A8CE005F84D2 /* UIImage+BlurredFrame.m in Sources */ = {isa = PBXBuildFile; fileRef = 967D67C618C6A8CE005F84D2 /* UIImage+BlurredFrame.m */; };
		967D67CE18C6A8CE005F84D2 /* UIImage+ImageEffects.m in Sources */ = {isa = PBXBuildFile; fileRef = 967D67C818C6A8CE005F84D2 /* UIImage+ImageEffects.m */; };
		967D67CF18C6A8CE005F84D2 /* UIImage+Utilities.m in Sources */ = {isa = PBXBuildFile; fileRef = 967D67CA18C6A8CE005F84D2 /* UIImage+Utilities.m */; };
		96879B43188B465600BB707A /* FullScreenView.m in Sources */ = {isa = PBXBuildFile; fileRef = 96879B3F188B465600BB707A /* FullScreenView.m */; };
		96879B4E188B467E00BB707A /* BrowserViewController.m in Sources */ = {isa = PBXBuildFile; fileRef = 96879B48188B467E00BB707A /* BrowserViewController.m */; };
		96879B4F188B467E00BB707A /* BrowserViewController.xib in Resources */ = {isa = PBXBuildFile; fileRef = 96879B49188B467E00BB707A /* BrowserViewController.xib */; };
		96879B50188B467E00BB707A /* left.png in Resources */ = {isa = PBXBuildFile; fileRef = 96879B4A188B467E00BB707A /* left.png */; };
		96879B51188B467E00BB707A /* left@2x.png in Resources */ = {isa = PBXBuildFile; fileRef = 96879B4B188B467E00BB707A /* left@2x.png */; };
		96879B52188B467E00BB707A /* right.png in Resources */ = {isa = PBXBuildFile; fileRef = 96879B4C188B467E00BB707A /* right.png */; };
		96879B53188B467E00BB707A /* right@2x.png in Resources */ = {isa = PBXBuildFile; fileRef = 96879B4D188B467E00BB707A /* right@2x.png */; };
		96879B5D188B491E00BB707A /* iPhoneStyle.css in Resources */ = {isa = PBXBuildFile; fileRef = 96879B5B188B491E00BB707A /* iPhoneStyle.css */; };
		96879B5E188B491E00BB707A /* style.css in Resources */ = {isa = PBXBuildFile; fileRef = 96879B5C188B491E00BB707A /* style.css */; };
		96879B60188B494900BB707A /* share-back.png in Resources */ = {isa = PBXBuildFile; fileRef = 96879B5F188B494900BB707A /* share-back.png */; };
		96879B63188B4D6D00BB707A /* BlackXButton.png in Resources */ = {isa = PBXBuildFile; fileRef = 96879B61188B4D6D00BB707A /* BlackXButton.png */; };
		96879B64188B4D6D00BB707A /* BlackXButton@2x.png in Resources */ = {isa = PBXBuildFile; fileRef = 96879B62188B4D6D00BB707A /* BlackXButton@2x.png */; };
		96879B67188C08E200BB707A /* ico_close.png in Resources */ = {isa = PBXBuildFile; fileRef = 96879B65188C08E200BB707A /* ico_close.png */; };
		96879B68188C08E200BB707A /* ico_close@2x.png in Resources */ = {isa = PBXBuildFile; fileRef = 96879B66188C08E200BB707A /* ico_close@2x.png */; };
		96879B6B188C0CD300BB707A /* side_menu_quicklist_icon.png in Resources */ = {isa = PBXBuildFile; fileRef = 96879B69188C0CD300BB707A /* side_menu_quicklist_icon.png */; };
		96879B6C188C0CD300BB707A /* side_menu_quicklist_icon@2x.png in Resources */ = {isa = PBXBuildFile; fileRef = 96879B6A188C0CD300BB707A /* side_menu_quicklist_icon@2x.png */; };
		96879B6F188C0EF900BB707A /* side_menu_quicklist_icon_selected.png in Resources */ = {isa = PBXBuildFile; fileRef = 96879B6D188C0EF900BB707A /* side_menu_quicklist_icon_selected.png */; };
		96879B70188C0EF900BB707A /* side_menu_quicklist_icon_selected@2x.png in Resources */ = {isa = PBXBuildFile; fileRef = 96879B6E188C0EF900BB707A /* side_menu_quicklist_icon_selected@2x.png */; };
		96879B74188C16AA00BB707A /* AFOAuth2Client.m in Sources */ = {isa = PBXBuildFile; fileRef = 96879B73188C16AA00BB707A /* AFOAuth2Client.m */; };
		96879B76188C17BC00BB707A /* SystemConfiguration.framework in Frameworks */ = {isa = PBXBuildFile; fileRef = 96879B75188C17BC00BB707A /* SystemConfiguration.framework */; };
		96879B78188C17C900BB707A /* MobileCoreServices.framework in Frameworks */ = {isa = PBXBuildFile; fileRef = 96879B77188C17C800BB707A /* MobileCoreServices.framework */; };
		96879B7B188F35FB00BB707A /* HNLatestNewsViewController.m in Sources */ = {isa = PBXBuildFile; fileRef = 96879B7A188F35FB00BB707A /* HNLatestNewsViewController.m */; };
		96879B7F188F366800BB707A /* HNTechViewController.m in Sources */ = {isa = PBXBuildFile; fileRef = 96879B7E188F366800BB707A /* HNTechViewController.m */; };
		96879B83188F36A600BB707A /* HNBusinessViewController.m in Sources */ = {isa = PBXBuildFile; fileRef = 96879B82188F36A600BB707A /* HNBusinessViewController.m */; };
		96879B87188F3A3300BB707A /* HNSportsViewController.m in Sources */ = {isa = PBXBuildFile; fileRef = 96879B86188F3A3300BB707A /* HNSportsViewController.m */; };
		968C2AC6188ACBD80052C395 /* HNNewsFlowLayout.m in Sources */ = {isa = PBXBuildFile; fileRef = 968C2AC5188ACBD80052C395 /* HNNewsFlowLayout.m */; };
		968C2AC9188ACDFE0052C395 /* HNNewsCollectionViewCell.m in Sources */ = {isa = PBXBuildFile; fileRef = 968C2AC8188ACDFE0052C395 /* HNNewsCollectionViewCell.m */; };
		968C2ACD188ACFB10052C395 /* HNNewsCollectionView.xib in Resources */ = {isa = PBXBuildFile; fileRef = 968C2ACC188ACFB10052C395 /* HNNewsCollectionView.xib */; };
		968C2AD0188AD2DA0052C395 /* RelativeDateDescriptor.m in Sources */ = {isa = PBXBuildFile; fileRef = 968C2ACF188AD2DA0052C395 /* RelativeDateDescriptor.m */; };
		968C2BC6188B01AF0052C395 /* AFHTTPClient.m in Sources */ = {isa = PBXBuildFile; fileRef = 968C2B97188B01AF0052C395 /* AFHTTPClient.m */; };
		968C2BC7188B01AF0052C395 /* AFHTTPRequestOperation.m in Sources */ = {isa = PBXBuildFile; fileRef = 968C2B99188B01AF0052C395 /* AFHTTPRequestOperation.m */; };
		968C2BC8188B01AF0052C395 /* AFImageRequestOperation.m in Sources */ = {isa = PBXBuildFile; fileRef = 968C2B9B188B01AF0052C395 /* AFImageRequestOperation.m */; };
		968C2BC9188B01AF0052C395 /* AFJSONRequestOperation.m in Sources */ = {isa = PBXBuildFile; fileRef = 968C2B9D188B01AF0052C395 /* AFJSONRequestOperation.m */; };
		968C2BCA188B01AF0052C395 /* AFNetworkActivityIndicatorManager.m in Sources */ = {isa = PBXBuildFile; fileRef = 968C2B9F188B01AF0052C395 /* AFNetworkActivityIndicatorManager.m */; };
		968C2BCB188B01AF0052C395 /* AFPropertyListRequestOperation.m in Sources */ = {isa = PBXBuildFile; fileRef = 968C2BA2188B01AF0052C395 /* AFPropertyListRequestOperation.m */; };
		968C2BCC188B01AF0052C395 /* AFURLConnectionOperation.m in Sources */ = {isa = PBXBuildFile; fileRef = 968C2BA4188B01AF0052C395 /* AFURLConnectionOperation.m */; };
		968C2BCD188B01AF0052C395 /* AFXMLRequestOperation.m in Sources */ = {isa = PBXBuildFile; fileRef = 968C2BA6188B01AF0052C395 /* AFXMLRequestOperation.m */; };
		968C2BCE188B01AF0052C395 /* UIImageView+AFNetworking.m in Sources */ = {isa = PBXBuildFile; fileRef = 968C2BA8188B01AF0052C395 /* UIImageView+AFNetworking.m */; };
		968C2BD0188B01B00052C395 /* NSDictionary+Overcoat.m in Sources */ = {isa = PBXBuildFile; fileRef = 968C2BBA188B01AF0052C395 /* NSDictionary+Overcoat.m */; };
		968C2BD1188B01B00052C395 /* OVCClient.m in Sources */ = {isa = PBXBuildFile; fileRef = 968C2BBC188B01AF0052C395 /* OVCClient.m */; };
		968C2BD2188B01B00052C395 /* OVCMultipartPart.m in Sources */ = {isa = PBXBuildFile; fileRef = 968C2BBE188B01AF0052C395 /* OVCMultipartPart.m */; };
		968C2BD3188B01B00052C395 /* OVCQuery.m in Sources */ = {isa = PBXBuildFile; fileRef = 968C2BC0188B01AF0052C395 /* OVCQuery.m */; };
		968C2BD4188B01B00052C395 /* OVCRequestOperation.m in Sources */ = {isa = PBXBuildFile; fileRef = 968C2BC2188B01AF0052C395 /* OVCRequestOperation.m */; };
		968C2BD5188B01B00052C395 /* OVCSocialClient.m in Sources */ = {isa = PBXBuildFile; fileRef = 968C2BC4188B01AF0052C395 /* OVCSocialClient.m */; };
		968C2BD7188B031C0052C395 /* libMantle.a in Frameworks */ = {isa = PBXBuildFile; fileRef = 968C2BD6188B031C0052C395 /* libMantle.a */; };
		96BC4B1518E4E301000822F5 /* HNNewsDetailViewController.m in Sources */ = {isa = PBXBuildFile; fileRef = 96BC4B1418E4E301000822F5 /* HNNewsDetailViewController.m */; };
		96BC4B1818E4E5F3000822F5 /* HNTitleCell.m in Sources */ = {isa = PBXBuildFile; fileRef = 96BC4B1718E4E5F3000822F5 /* HNTitleCell.m */; };
		96BC4B1A18E4E626000822F5 /* HNTitleCell.xib in Resources */ = {isa = PBXBuildFile; fileRef = 96BC4B1918E4E626000822F5 /* HNTitleCell.xib */; };
		96BC4B1C18E4E7D2000822F5 /* HNAuthorCell.xib in Resources */ = {isa = PBXBuildFile; fileRef = 96BC4B1B18E4E7D2000822F5 /* HNAuthorCell.xib */; };
		96BC4B1F18E4E7FE000822F5 /* HNAuthorCell.m in Sources */ = {isa = PBXBuildFile; fileRef = 96BC4B1E18E4E7FE000822F5 /* HNAuthorCell.m */; };
		96BC4B2318E4E998000822F5 /* HNContentCell.m in Sources */ = {isa = PBXBuildFile; fileRef = 96BC4B2218E4E998000822F5 /* HNContentCell.m */; };
		96BC4B2518E4E9A7000822F5 /* HNContentCell.xib in Resources */ = {isa = PBXBuildFile; fileRef = 96BC4B2418E4E9A7000822F5 /* HNContentCell.xib */; };
		96BC4B2918E4EC0A000822F5 /* HNHeaderReusableView.m in Sources */ = {isa = PBXBuildFile; fileRef = 96BC4B2718E4EC0A000822F5 /* HNHeaderReusableView.m */; };
		96BC4B2A18E4EC0A000822F5 /* HNHeaderReusableView.xib in Resources */ = {isa = PBXBuildFile; fileRef = 96BC4B2818E4EC0A000822F5 /* HNHeaderReusableView.xib */; };
		96BC4B2D18E4F574000822F5 /* SPHGridViewFlowLayout.m in Sources */ = {isa = PBXBuildFile; fileRef = 96BC4B2C18E4F574000822F5 /* SPHGridViewFlowLayout.m */; };
/* End PBXBuildFile section */

/* Begin PBXContainerItemProxy section */
		9638E20D188879C200062B4C /* PBXContainerItemProxy */ = {
			isa = PBXContainerItemProxy;
			containerPortal = 9638E1E5188879C200062B4C /* Project object */;
			proxyType = 1;
			remoteGlobalIDString = 9638E1EC188879C200062B4C;
			remoteInfo = "Habari News";
		};
/* End PBXContainerItemProxy section */

/* Begin PBXFileReference section */
		9603A87B18983FC2007B03E2 /* MRBlurView.h */ = {isa = PBXFileReference; fileEncoding = 4; lastKnownFileType = sourcecode.c.h; path = MRBlurView.h; sourceTree = "<group>"; };
		9603A87C18983FC2007B03E2 /* MRBlurView.m */ = {isa = PBXFileReference; fileEncoding = 4; lastKnownFileType = sourcecode.c.objc; path = MRBlurView.m; sourceTree = "<group>"; };
		9603A87D18983FC2007B03E2 /* UIImage+MRImageEffects.h */ = {isa = PBXFileReference; fileEncoding = 4; lastKnownFileType = sourcecode.c.h; path = "UIImage+MRImageEffects.h"; sourceTree = "<group>"; };
		9603A87E18983FC2007B03E2 /* UIImage+MRImageEffects.m */ = {isa = PBXFileReference; fileEncoding = 4; lastKnownFileType = sourcecode.c.objc; path = "UIImage+MRImageEffects.m"; sourceTree = "<group>"; };
		9603A88018983FC2007B03E2 /* MRActivityIndicatorView.h */ = {isa = PBXFileReference; fileEncoding = 4; lastKnownFileType = sourcecode.c.h; path = MRActivityIndicatorView.h; sourceTree = "<group>"; };
		9603A88118983FC2007B03E2 /* MRActivityIndicatorView.m */ = {isa = PBXFileReference; fileEncoding = 4; lastKnownFileType = sourcecode.c.objc; path = MRActivityIndicatorView.m; sourceTree = "<group>"; };
		9603A88218983FC2007B03E2 /* MRCircularProgressView.h */ = {isa = PBXFileReference; fileEncoding = 4; lastKnownFileType = sourcecode.c.h; path = MRCircularProgressView.h; sourceTree = "<group>"; };
		9603A88318983FC2007B03E2 /* MRCircularProgressView.m */ = {isa = PBXFileReference; fileEncoding = 4; lastKnownFileType = sourcecode.c.objc; path = MRCircularProgressView.m; sourceTree = "<group>"; };
		9603A88418983FC2007B03E2 /* MRIconView.h */ = {isa = PBXFileReference; fileEncoding = 4; lastKnownFileType = sourcecode.c.h; path = MRIconView.h; sourceTree = "<group>"; };
		9603A88518983FC2007B03E2 /* MRIconView.m */ = {isa = PBXFileReference; fileEncoding = 4; lastKnownFileType = sourcecode.c.objc; path = MRIconView.m; sourceTree = "<group>"; };
		9603A88618983FC2007B03E2 /* MRNavigationBarProgressView.h */ = {isa = PBXFileReference; fileEncoding = 4; lastKnownFileType = sourcecode.c.h; path = MRNavigationBarProgressView.h; sourceTree = "<group>"; };
		9603A88718983FC2007B03E2 /* MRNavigationBarProgressView.m */ = {isa = PBXFileReference; fileEncoding = 4; lastKnownFileType = sourcecode.c.objc; path = MRNavigationBarProgressView.m; sourceTree = "<group>"; };
		9603A88818983FC2007B03E2 /* MRProgressOverlayView.h */ = {isa = PBXFileReference; fileEncoding = 4; lastKnownFileType = sourcecode.c.h; path = MRProgressOverlayView.h; sourceTree = "<group>"; };
		9603A88918983FC2007B03E2 /* MRProgressOverlayView.m */ = {isa = PBXFileReference; fileEncoding = 4; lastKnownFileType = sourcecode.c.objc; path = MRProgressOverlayView.m; sourceTree = "<group>"; };
		9603A88A18983FC2007B03E2 /* MRStopableView.h */ = {isa = PBXFileReference; fileEncoding = 4; lastKnownFileType = sourcecode.c.h; path = MRStopableView.h; sourceTree = "<group>"; };
		9603A88B18983FC2007B03E2 /* MRStopButton.h */ = {isa = PBXFileReference; fileEncoding = 4; lastKnownFileType = sourcecode.c.h; path = MRStopButton.h; sourceTree = "<group>"; };
		9603A88C18983FC2007B03E2 /* MRStopButton.m */ = {isa = PBXFileReference; fileEncoding = 4; lastKnownFileType = sourcecode.c.objc; path = MRStopButton.m; sourceTree = "<group>"; };
		9603A88D18983FC2007B03E2 /* MRProgress.h */ = {isa = PBXFileReference; fileEncoding = 4; lastKnownFileType = sourcecode.c.h; path = MRProgress.h; sourceTree = "<group>"; };
		9603A88F18983FC2007B03E2 /* MRMessageInterceptor.h */ = {isa = PBXFileReference; fileEncoding = 4; lastKnownFileType = sourcecode.c.h; path = MRMessageInterceptor.h; sourceTree = "<group>"; };
		9603A89018983FC2007B03E2 /* MRMessageInterceptor.m */ = {isa = PBXFileReference; fileEncoding = 4; lastKnownFileType = sourcecode.c.objc; path = MRMessageInterceptor.m; sourceTree = "<group>"; };
		9603A89118983FC2007B03E2 /* MRProgressHelper.h */ = {isa = PBXFileReference; fileEncoding = 4; lastKnownFileType = sourcecode.c.h; path = MRProgressHelper.h; sourceTree = "<group>"; };
		9603A89218983FC2007B03E2 /* MRWeakProxy.h */ = {isa = PBXFileReference; fileEncoding = 4; lastKnownFileType = sourcecode.c.h; path = MRWeakProxy.h; sourceTree = "<group>"; };
		9603A89318983FC2007B03E2 /* MRWeakProxy.m */ = {isa = PBXFileReference; fileEncoding = 4; lastKnownFileType = sourcecode.c.objc; path = MRWeakProxy.m; sourceTree = "<group>"; };
		9626018B1975DC9600F415E5 /* ZoomInteractiveTransition.h */ = {isa = PBXFileReference; fileEncoding = 4; lastKnownFileType = sourcecode.c.h; path = ZoomInteractiveTransition.h; sourceTree = "<group>"; };
		9626018C1975DC9600F415E5 /* ZoomInteractiveTransition.m */ = {isa = PBXFileReference; fileEncoding = 4; lastKnownFileType = sourcecode.c.objc; path = ZoomInteractiveTransition.m; sourceTree = "<group>"; };
		9626018D1975DC9600F415E5 /* ZoomTransitionProtocol.h */ = {isa = PBXFileReference; fileEncoding = 4; lastKnownFileType = sourcecode.c.h; path = ZoomTransitionProtocol.h; sourceTree = "<group>"; };
		9626018E1975DC9600F415E5 /* UIView+Snapshotting.h */ = {isa = PBXFileReference; fileEncoding = 4; lastKnownFileType = sourcecode.c.h; path = "UIView+Snapshotting.h"; sourceTree = "<group>"; };
		9626018F1975DC9600F415E5 /* UIView+Snapshotting.m */ = {isa = PBXFileReference; fileEncoding = 4; lastKnownFileType = sourcecode.c.objc; path = "UIView+Snapshotting.m"; sourceTree = "<group>"; };
		9638E1ED188879C200062B4C /* Habari News.app */ = {isa = PBXFileReference; explicitFileType = wrapper.application; includeInIndex = 0; path = "Habari News.app"; sourceTree = BUILT_PRODUCTS_DIR; };
		9638E1F0188879C200062B4C /* Foundation.framework */ = {isa = PBXFileReference; lastKnownFileType = wrapper.framework; name = Foundation.framework; path = System/Library/Frameworks/Foundation.framework; sourceTree = SDKROOT; };
		9638E1F2188879C200062B4C /* CoreGraphics.framework */ = {isa = PBXFileReference; lastKnownFileType = wrapper.framework; name = CoreGraphics.framework; path = System/Library/Frameworks/CoreGraphics.framework; sourceTree = SDKROOT; };
		9638E1F4188879C200062B4C /* UIKit.framework */ = {isa = PBXFileReference; lastKnownFileType = wrapper.framework; name = UIKit.framework; path = System/Library/Frameworks/UIKit.framework; sourceTree = SDKROOT; };
		9638E1F8188879C200062B4C /* Habari News-Info.plist */ = {isa = PBXFileReference; lastKnownFileType = text.plist.xml; path = "Habari News-Info.plist"; sourceTree = "<group>"; };
		9638E1FA188879C200062B4C /* en */ = {isa = PBXFileReference; lastKnownFileType = text.plist.strings; name = en; path = en.lproj/InfoPlist.strings; sourceTree = "<group>"; };
		9638E1FC188879C200062B4C /* main.m */ = {isa = PBXFileReference; lastKnownFileType = sourcecode.c.objc; path = main.m; sourceTree = "<group>"; };
		9638E1FE188879C200062B4C /* Habari News-Prefix.pch */ = {isa = PBXFileReference; lastKnownFileType = sourcecode.c.h; path = "Habari News-Prefix.pch"; sourceTree = "<group>"; };
		9638E1FF188879C200062B4C /* HNAppDelegate.h */ = {isa = PBXFileReference; lastKnownFileType = sourcecode.c.h; path = HNAppDelegate.h; sourceTree = "<group>"; };
		9638E200188879C200062B4C /* HNAppDelegate.m */ = {isa = PBXFileReference; lastKnownFileType = sourcecode.c.objc; path = HNAppDelegate.m; sourceTree = "<group>"; };
		9638E202188879C200062B4C /* Images.xcassets */ = {isa = PBXFileReference; lastKnownFileType = folder.assetcatalog; path = Images.xcassets; sourceTree = "<group>"; };
		9638E208188879C200062B4C /* Habari NewsTests.xctest */ = {isa = PBXFileReference; explicitFileType = wrapper.cfbundle; includeInIndex = 0; path = "Habari NewsTests.xctest"; sourceTree = BUILT_PRODUCTS_DIR; };
		9638E209188879C200062B4C /* XCTest.framework */ = {isa = PBXFileReference; lastKnownFileType = wrapper.framework; name = XCTest.framework; path = Library/Frameworks/XCTest.framework; sourceTree = DEVELOPER_DIR; };
		9638E211188879C200062B4C /* Habari NewsTests-Info.plist */ = {isa = PBXFileReference; lastKnownFileType = text.plist.xml; path = "Habari NewsTests-Info.plist"; sourceTree = "<group>"; };
		9638E213188879C200062B4C /* en */ = {isa = PBXFileReference; lastKnownFileType = text.plist.strings; name = en; path = en.lproj/InfoPlist.strings; sourceTree = "<group>"; };
		9638E215188879C200062B4C /* Habari_NewsTests.m */ = {isa = PBXFileReference; lastKnownFileType = sourcecode.c.objc; path = Habari_NewsTests.m; sourceTree = "<group>"; };
		9638E22018887A6200062B4C /* RECommonFunctions.h */ = {isa = PBXFileReference; fileEncoding = 4; lastKnownFileType = sourcecode.c.h; path = RECommonFunctions.h; sourceTree = "<group>"; };
		9638E22118887A6200062B4C /* RECommonFunctions.m */ = {isa = PBXFileReference; fileEncoding = 4; lastKnownFileType = sourcecode.c.objc; path = RECommonFunctions.m; sourceTree = "<group>"; };
		9638E22218887A6200062B4C /* RESideMenu.h */ = {isa = PBXFileReference; fileEncoding = 4; lastKnownFileType = sourcecode.c.h; path = RESideMenu.h; sourceTree = "<group>"; };
		9638E22318887A6200062B4C /* RESideMenu.m */ = {isa = PBXFileReference; fileEncoding = 4; lastKnownFileType = sourcecode.c.objc; path = RESideMenu.m; sourceTree = "<group>"; };
		9638E22418887A6200062B4C /* UIViewController+RESideMenu.h */ = {isa = PBXFileReference; fileEncoding = 4; lastKnownFileType = sourcecode.c.h; path = "UIViewController+RESideMenu.h"; sourceTree = "<group>"; };
		9638E22518887A6200062B4C /* UIViewController+RESideMenu.m */ = {isa = PBXFileReference; fileEncoding = 4; lastKnownFileType = sourcecode.c.objc; path = "UIViewController+RESideMenu.m"; sourceTree = "<group>"; };
		9638E22A18887C3500062B4C /* HNGenericNewsViewController.h */ = {isa = PBXFileReference; fileEncoding = 4; lastKnownFileType = sourcecode.c.h; path = HNGenericNewsViewController.h; sourceTree = "<group>"; };
		9638E22B18887C3500062B4C /* HNGenericNewsViewController.m */ = {isa = PBXFileReference; fileEncoding = 4; lastKnownFileType = sourcecode.c.objc; path = HNGenericNewsViewController.m; sourceTree = "<group>"; };
		9638E22E18887C6200062B4C /* HNSettingsViewController.h */ = {isa = PBXFileReference; fileEncoding = 4; lastKnownFileType = sourcecode.c.h; path = HNSettingsViewController.h; sourceTree = "<group>"; };
		9638E22F18887C6200062B4C /* HNSettingsViewController.m */ = {isa = PBXFileReference; fileEncoding = 4; lastKnownFileType = sourcecode.c.objc; path = HNSettingsViewController.m; sourceTree = "<group>"; };
		9638E23218887CBD00062B4C /* HNFeedBackViewController.h */ = {isa = PBXFileReference; fileEncoding = 4; lastKnownFileType = sourcecode.c.h; path = HNFeedBackViewController.h; sourceTree = "<group>"; };
		9638E23318887CBD00062B4C /* HNFeedBackViewController.m */ = {isa = PBXFileReference; fileEncoding = 4; lastKnownFileType = sourcecode.c.objc; path = HNFeedBackViewController.m; sourceTree = "<group>"; };
		9638E23718887D7500062B4C /* HNLeftMenuViewController.h */ = {isa = PBXFileReference; fileEncoding = 4; lastKnownFileType = sourcecode.c.h; path = HNLeftMenuViewController.h; sourceTree = "<group>"; };
		9638E23818887D7500062B4C /* HNLeftMenuViewController.m */ = {isa = PBXFileReference; fileEncoding = 4; lastKnownFileType = sourcecode.c.objc; path = HNLeftMenuViewController.m; sourceTree = "<group>"; };
		9638E23F188891E200062B4C /* menu-icon.png */ = {isa = PBXFileReference; lastKnownFileType = image.png; path = "menu-icon.png"; sourceTree = "<group>"; };
		9638E240188891E200062B4C /* menu-icon@2x.png */ = {isa = PBXFileReference; lastKnownFileType = image.png; path = "menu-icon@2x.png"; sourceTree = "<group>"; };
		9638E48318889C3900062B4C /* Article.h */ = {isa = PBXFileReference; fileEncoding = 4; lastKnownFileType = sourcecode.c.h; path = Article.h; sourceTree = "<group>"; };
		9638E48418889C3900062B4C /* Article.m */ = {isa = PBXFileReference; fileEncoding = 4; lastKnownFileType = sourcecode.c.objc; path = Article.m; sourceTree = "<group>"; };
		9638E4C81888A27300062B4C /* HNClient.h */ = {isa = PBXFileReference; fileEncoding = 4; lastKnownFileType = sourcecode.c.h; path = HNClient.h; sourceTree = "<group>"; };
		9638E4C91888A27300062B4C /* HNClient.m */ = {isa = PBXFileReference; fileEncoding = 4; lastKnownFileType = sourcecode.c.objc; path = HNClient.m; sourceTree = "<group>"; };
		9638E5051888AB0E00062B4C /* Accounts.framework */ = {isa = PBXFileReference; lastKnownFileType = wrapper.framework; name = Accounts.framework; path = System/Library/Frameworks/Accounts.framework; sourceTree = SDKROOT; };
		9638E5071888AB1900062B4C /* Social.framework */ = {isa = PBXFileReference; lastKnownFileType = wrapper.framework; name = Social.framework; path = System/Library/Frameworks/Social.framework; sourceTree = SDKROOT; };
		96439E2E18E86348000BC672 /* HNWebButton.h */ = {isa = PBXFileReference; fileEncoding = 4; lastKnownFileType = sourcecode.c.h; path = HNWebButton.h; sourceTree = "<group>"; };
		96439E2F18E86348000BC672 /* HNWebButton.m */ = {isa = PBXFileReference; fileEncoding = 4; lastKnownFileType = sourcecode.c.objc; path = HNWebButton.m; sourceTree = "<group>"; };
		96439E3118E86418000BC672 /* HNWebButton.xib */ = {isa = PBXFileReference; fileEncoding = 4; lastKnownFileType = file.xib; path = HNWebButton.xib; sourceTree = "<group>"; };
		967D67C118C6A8CE005F84D2 /* UIColor+FlatUI.h */ = {isa = PBXFileReference; fileEncoding = 4; lastKnownFileType = sourcecode.c.h; path = "UIColor+FlatUI.h"; sourceTree = "<group>"; };
		967D67C218C6A8CE005F84D2 /* UIColor+FlatUI.m */ = {isa = PBXFileReference; fileEncoding = 4; lastKnownFileType = sourcecode.c.objc; path = "UIColor+FlatUI.m"; sourceTree = "<group>"; };
		967D67C318C6A8CE005F84D2 /* UIFont+Additions.h */ = {isa = PBXFileReference; fileEncoding = 4; lastKnownFileType = sourcecode.c.h; path = "UIFont+Additions.h"; sourceTree = "<group>"; };
		967D67C418C6A8CE005F84D2 /* UIFont+Additions.m */ = {isa = PBXFileReference; fileEncoding = 4; lastKnownFileType = sourcecode.c.objc; path = "UIFont+Additions.m"; sourceTree = "<group>"; };
		967D67C518C6A8CE005F84D2 /* UIImage+BlurredFrame.h */ = {isa = PBXFileReference; fileEncoding = 4; lastKnownFileType = sourcecode.c.h; path = "UIImage+BlurredFrame.h"; sourceTree = "<group>"; };
		967D67C618C6A8CE005F84D2 /* UIImage+BlurredFrame.m */ = {isa = PBXFileReference; fileEncoding = 4; lastKnownFileType = sourcecode.c.objc; path = "UIImage+BlurredFrame.m"; sourceTree = "<group>"; };
		967D67C718C6A8CE005F84D2 /* UIImage+ImageEffects.h */ = {isa = PBXFileReference; fileEncoding = 4; lastKnownFileType = sourcecode.c.h; path = "UIImage+ImageEffects.h"; sourceTree = "<group>"; };
		967D67C818C6A8CE005F84D2 /* UIImage+ImageEffects.m */ = {isa = PBXFileReference; fileEncoding = 4; lastKnownFileType = sourcecode.c.objc; path = "UIImage+ImageEffects.m"; sourceTree = "<group>"; };
		967D67C918C6A8CE005F84D2 /* UIImage+Utilities.h */ = {isa = PBXFileReference; fileEncoding = 4; lastKnownFileType = sourcecode.c.h; path = "UIImage+Utilities.h"; sourceTree = "<group>"; };
		967D67CA18C6A8CE005F84D2 /* UIImage+Utilities.m */ = {isa = PBXFileReference; fileEncoding = 4; lastKnownFileType = sourcecode.c.objc; path = "UIImage+Utilities.m"; sourceTree = "<group>"; };
		96879B3E188B465600BB707A /* FullScreenView.h */ = {isa = PBXFileReference; fileEncoding = 4; lastKnownFileType = sourcecode.c.h; path = FullScreenView.h; sourceTree = "<group>"; };
		96879B3F188B465600BB707A /* FullScreenView.m */ = {isa = PBXFileReference; fileEncoding = 4; lastKnownFileType = sourcecode.c.objc; path = FullScreenView.m; sourceTree = "<group>"; };
		96879B47188B467E00BB707A /* BrowserViewController.h */ = {isa = PBXFileReference; fileEncoding = 4; lastKnownFileType = sourcecode.c.h; path = BrowserViewController.h; sourceTree = "<group>"; };
		96879B48188B467E00BB707A /* BrowserViewController.m */ = {isa = PBXFileReference; fileEncoding = 4; lastKnownFileType = sourcecode.c.objc; path = BrowserViewController.m; sourceTree = "<group>"; };
		96879B49188B467E00BB707A /* BrowserViewController.xib */ = {isa = PBXFileReference; fileEncoding = 4; lastKnownFileType = file.xib; path = BrowserViewController.xib; sourceTree = "<group>"; };
		96879B4A188B467E00BB707A /* left.png */ = {isa = PBXFileReference; lastKnownFileType = image.png; path = left.png; sourceTree = "<group>"; };
		96879B4B188B467E00BB707A /* left@2x.png */ = {isa = PBXFileReference; lastKnownFileType = image.png; path = "left@2x.png"; sourceTree = "<group>"; };
		96879B4C188B467E00BB707A /* right.png */ = {isa = PBXFileReference; lastKnownFileType = image.png; path = right.png; sourceTree = "<group>"; };
		96879B4D188B467E00BB707A /* right@2x.png */ = {isa = PBXFileReference; lastKnownFileType = image.png; path = "right@2x.png"; sourceTree = "<group>"; };
		96879B5B188B491E00BB707A /* iPhoneStyle.css */ = {isa = PBXFileReference; fileEncoding = 4; lastKnownFileType = text.css; path = iPhoneStyle.css; sourceTree = "<group>"; };
		96879B5C188B491E00BB707A /* style.css */ = {isa = PBXFileReference; fileEncoding = 4; lastKnownFileType = text.css; path = style.css; sourceTree = "<group>"; };
		96879B5F188B494900BB707A /* share-back.png */ = {isa = PBXFileReference; lastKnownFileType = image.png; path = "share-back.png"; sourceTree = "<group>"; };
		96879B61188B4D6D00BB707A /* BlackXButton.png */ = {isa = PBXFileReference; lastKnownFileType = image.png; path = BlackXButton.png; sourceTree = "<group>"; };
		96879B62188B4D6D00BB707A /* BlackXButton@2x.png */ = {isa = PBXFileReference; lastKnownFileType = image.png; path = "BlackXButton@2x.png"; sourceTree = "<group>"; };
		96879B65188C08E200BB707A /* ico_close.png */ = {isa = PBXFileReference; lastKnownFileType = image.png; path = ico_close.png; sourceTree = "<group>"; };
		96879B66188C08E200BB707A /* ico_close@2x.png */ = {isa = PBXFileReference; lastKnownFileType = image.png; path = "ico_close@2x.png"; sourceTree = "<group>"; };
		96879B69188C0CD300BB707A /* side_menu_quicklist_icon.png */ = {isa = PBXFileReference; lastKnownFileType = image.png; path = side_menu_quicklist_icon.png; sourceTree = SOURCE_ROOT; };
		96879B6A188C0CD300BB707A /* side_menu_quicklist_icon@2x.png */ = {isa = PBXFileReference; lastKnownFileType = image.png; path = "side_menu_quicklist_icon@2x.png"; sourceTree = SOURCE_ROOT; };
		96879B6D188C0EF900BB707A /* side_menu_quicklist_icon_selected.png */ = {isa = PBXFileReference; lastKnownFileType = image.png; path = side_menu_quicklist_icon_selected.png; sourceTree = "<group>"; };
		96879B6E188C0EF900BB707A /* side_menu_quicklist_icon_selected@2x.png */ = {isa = PBXFileReference; lastKnownFileType = image.png; path = "side_menu_quicklist_icon_selected@2x.png"; sourceTree = "<group>"; };
		96879B72188C16AA00BB707A /* AFOAuth2Client.h */ = {isa = PBXFileReference; fileEncoding = 4; lastKnownFileType = sourcecode.c.h; path = AFOAuth2Client.h; sourceTree = "<group>"; };
		96879B73188C16AA00BB707A /* AFOAuth2Client.m */ = {isa = PBXFileReference; fileEncoding = 4; lastKnownFileType = sourcecode.c.objc; path = AFOAuth2Client.m; sourceTree = "<group>"; };
		96879B75188C17BC00BB707A /* SystemConfiguration.framework */ = {isa = PBXFileReference; lastKnownFileType = wrapper.framework; name = SystemConfiguration.framework; path = System/Library/Frameworks/SystemConfiguration.framework; sourceTree = SDKROOT; };
		96879B77188C17C800BB707A /* MobileCoreServices.framework */ = {isa = PBXFileReference; lastKnownFileType = wrapper.framework; name = MobileCoreServices.framework; path = System/Library/Frameworks/MobileCoreServices.framework; sourceTree = SDKROOT; };
		96879B79188F35FA00BB707A /* HNLatestNewsViewController.h */ = {isa = PBXFileReference; fileEncoding = 4; lastKnownFileType = sourcecode.c.h; path = HNLatestNewsViewController.h; sourceTree = "<group>"; };
		96879B7A188F35FB00BB707A /* HNLatestNewsViewController.m */ = {isa = PBXFileReference; fileEncoding = 4; lastKnownFileType = sourcecode.c.objc; path = HNLatestNewsViewController.m; sourceTree = "<group>"; };
		96879B7D188F366800BB707A /* HNTechViewController.h */ = {isa = PBXFileReference; fileEncoding = 4; lastKnownFileType = sourcecode.c.h; path = HNTechViewController.h; sourceTree = "<group>"; };
		96879B7E188F366800BB707A /* HNTechViewController.m */ = {isa = PBXFileReference; fileEncoding = 4; lastKnownFileType = sourcecode.c.objc; path = HNTechViewController.m; sourceTree = "<group>"; };
		96879B81188F36A600BB707A /* HNBusinessViewController.h */ = {isa = PBXFileReference; fileEncoding = 4; lastKnownFileType = sourcecode.c.h; path = HNBusinessViewController.h; sourceTree = "<group>"; };
		96879B82188F36A600BB707A /* HNBusinessViewController.m */ = {isa = PBXFileReference; fileEncoding = 4; lastKnownFileType = sourcecode.c.objc; path = HNBusinessViewController.m; sourceTree = "<group>"; };
		96879B85188F3A3300BB707A /* HNSportsViewController.h */ = {isa = PBXFileReference; fileEncoding = 4; lastKnownFileType = sourcecode.c.h; path = HNSportsViewController.h; sourceTree = "<group>"; };
		96879B86188F3A3300BB707A /* HNSportsViewController.m */ = {isa = PBXFileReference; fileEncoding = 4; lastKnownFileType = sourcecode.c.objc; path = HNSportsViewController.m; sourceTree = "<group>"; };
		968C2AC4188ACBD80052C395 /* HNNewsFlowLayout.h */ = {isa = PBXFileReference; fileEncoding = 4; lastKnownFileType = sourcecode.c.h; path = HNNewsFlowLayout.h; sourceTree = "<group>"; };
		968C2AC5188ACBD80052C395 /* HNNewsFlowLayout.m */ = {isa = PBXFileReference; fileEncoding = 4; lastKnownFileType = sourcecode.c.objc; path = HNNewsFlowLayout.m; sourceTree = "<group>"; };
		968C2AC7188ACDFE0052C395 /* HNNewsCollectionViewCell.h */ = {isa = PBXFileReference; fileEncoding = 4; lastKnownFileType = sourcecode.c.h; path = HNNewsCollectionViewCell.h; sourceTree = "<group>"; };
		968C2AC8188ACDFE0052C395 /* HNNewsCollectionViewCell.m */ = {isa = PBXFileReference; fileEncoding = 4; lastKnownFileType = sourcecode.c.objc; path = HNNewsCollectionViewCell.m; sourceTree = "<group>"; };
		968C2ACC188ACFB10052C395 /* HNNewsCollectionView.xib */ = {isa = PBXFileReference; fileEncoding = 4; lastKnownFileType = file.xib; path = HNNewsCollectionView.xib; sourceTree = "<group>"; };
		968C2ACE188AD2DA0052C395 /* RelativeDateDescriptor.h */ = {isa = PBXFileReference; fileEncoding = 4; lastKnownFileType = sourcecode.c.h; path = RelativeDateDescriptor.h; sourceTree = "<group>"; };
		968C2ACF188AD2DA0052C395 /* RelativeDateDescriptor.m */ = {isa = PBXFileReference; fileEncoding = 4; lastKnownFileType = sourcecode.c.objc; path = RelativeDateDescriptor.m; sourceTree = "<group>"; };
		968C2B96188B01AF0052C395 /* AFHTTPClient.h */ = {isa = PBXFileReference; fileEncoding = 4; lastKnownFileType = sourcecode.c.h; path = AFHTTPClient.h; sourceTree = "<group>"; };
		968C2B97188B01AF0052C395 /* AFHTTPClient.m */ = {isa = PBXFileReference; fileEncoding = 4; lastKnownFileType = sourcecode.c.objc; path = AFHTTPClient.m; sourceTree = "<group>"; };
		968C2B98188B01AF0052C395 /* AFHTTPRequestOperation.h */ = {isa = PBXFileReference; fileEncoding = 4; lastKnownFileType = sourcecode.c.h; path = AFHTTPRequestOperation.h; sourceTree = "<group>"; };
		968C2B99188B01AF0052C395 /* AFHTTPRequestOperation.m */ = {isa = PBXFileReference; fileEncoding = 4; lastKnownFileType = sourcecode.c.objc; path = AFHTTPRequestOperation.m; sourceTree = "<group>"; };
		968C2B9A188B01AF0052C395 /* AFImageRequestOperation.h */ = {isa = PBXFileReference; fileEncoding = 4; lastKnownFileType = sourcecode.c.h; path = AFImageRequestOperation.h; sourceTree = "<group>"; };
		968C2B9B188B01AF0052C395 /* AFImageRequestOperation.m */ = {isa = PBXFileReference; fileEncoding = 4; lastKnownFileType = sourcecode.c.objc; path = AFImageRequestOperation.m; sourceTree = "<group>"; };
		968C2B9C188B01AF0052C395 /* AFJSONRequestOperation.h */ = {isa = PBXFileReference; fileEncoding = 4; lastKnownFileType = sourcecode.c.h; path = AFJSONRequestOperation.h; sourceTree = "<group>"; };
		968C2B9D188B01AF0052C395 /* AFJSONRequestOperation.m */ = {isa = PBXFileReference; fileEncoding = 4; lastKnownFileType = sourcecode.c.objc; path = AFJSONRequestOperation.m; sourceTree = "<group>"; };
		968C2B9E188B01AF0052C395 /* AFNetworkActivityIndicatorManager.h */ = {isa = PBXFileReference; fileEncoding = 4; lastKnownFileType = sourcecode.c.h; path = AFNetworkActivityIndicatorManager.h; sourceTree = "<group>"; };
		968C2B9F188B01AF0052C395 /* AFNetworkActivityIndicatorManager.m */ = {isa = PBXFileReference; fileEncoding = 4; lastKnownFileType = sourcecode.c.objc; path = AFNetworkActivityIndicatorManager.m; sourceTree = "<group>"; };
		968C2BA0188B01AF0052C395 /* AFNetworking.h */ = {isa = PBXFileReference; fileEncoding = 4; lastKnownFileType = sourcecode.c.h; path = AFNetworking.h; sourceTree = "<group>"; };
		968C2BA1188B01AF0052C395 /* AFPropertyListRequestOperation.h */ = {isa = PBXFileReference; fileEncoding = 4; lastKnownFileType = sourcecode.c.h; path = AFPropertyListRequestOperation.h; sourceTree = "<group>"; };
		968C2BA2188B01AF0052C395 /* AFPropertyListRequestOperation.m */ = {isa = PBXFileReference; fileEncoding = 4; lastKnownFileType = sourcecode.c.objc; path = AFPropertyListRequestOperation.m; sourceTree = "<group>"; };
		968C2BA3188B01AF0052C395 /* AFURLConnectionOperation.h */ = {isa = PBXFileReference; fileEncoding = 4; lastKnownFileType = sourcecode.c.h; path = AFURLConnectionOperation.h; sourceTree = "<group>"; };
		968C2BA4188B01AF0052C395 /* AFURLConnectionOperation.m */ = {isa = PBXFileReference; fileEncoding = 4; lastKnownFileType = sourcecode.c.objc; path = AFURLConnectionOperation.m; sourceTree = "<group>"; };
		968C2BA5188B01AF0052C395 /* AFXMLRequestOperation.h */ = {isa = PBXFileReference; fileEncoding = 4; lastKnownFileType = sourcecode.c.h; path = AFXMLRequestOperation.h; sourceTree = "<group>"; };
		968C2BA6188B01AF0052C395 /* AFXMLRequestOperation.m */ = {isa = PBXFileReference; fileEncoding = 4; lastKnownFileType = sourcecode.c.objc; path = AFXMLRequestOperation.m; sourceTree = "<group>"; };
		968C2BA7188B01AF0052C395 /* UIImageView+AFNetworking.h */ = {isa = PBXFileReference; fileEncoding = 4; lastKnownFileType = sourcecode.c.h; path = "UIImageView+AFNetworking.h"; sourceTree = "<group>"; };
		968C2BA8188B01AF0052C395 /* UIImageView+AFNetworking.m */ = {isa = PBXFileReference; fileEncoding = 4; lastKnownFileType = sourcecode.c.objc; path = "UIImageView+AFNetworking.m"; sourceTree = "<group>"; };
		968C2BAB188B01AF0052C395 /* Mantle.h */ = {isa = PBXFileReference; fileEncoding = 4; lastKnownFileType = sourcecode.c.h; path = Mantle.h; sourceTree = "<group>"; };
		968C2BAC188B01AF0052C395 /* MTLJSONAdapter.h */ = {isa = PBXFileReference; fileEncoding = 4; lastKnownFileType = sourcecode.c.h; path = MTLJSONAdapter.h; sourceTree = "<group>"; };
		968C2BAD188B01AF0052C395 /* MTLManagedObjectAdapter.h */ = {isa = PBXFileReference; fileEncoding = 4; lastKnownFileType = sourcecode.c.h; path = MTLManagedObjectAdapter.h; sourceTree = "<group>"; };
		968C2BAE188B01AF0052C395 /* MTLModel+NSCoding.h */ = {isa = PBXFileReference; fileEncoding = 4; lastKnownFileType = sourcecode.c.h; path = "MTLModel+NSCoding.h"; sourceTree = "<group>"; };
		968C2BAF188B01AF0052C395 /* MTLModel.h */ = {isa = PBXFileReference; fileEncoding = 4; lastKnownFileType = sourcecode.c.h; path = MTLModel.h; sourceTree = "<group>"; };
		968C2BB0188B01AF0052C395 /* MTLValueTransformer.h */ = {isa = PBXFileReference; fileEncoding = 4; lastKnownFileType = sourcecode.c.h; path = MTLValueTransformer.h; sourceTree = "<group>"; };
		968C2BB1188B01AF0052C395 /* NSArray+MTLManipulationAdditions.h */ = {isa = PBXFileReference; fileEncoding = 4; lastKnownFileType = sourcecode.c.h; path = "NSArray+MTLManipulationAdditions.h"; sourceTree = "<group>"; };
		968C2BB2188B01AF0052C395 /* NSDictionary+MTLManipulationAdditions.h */ = {isa = PBXFileReference; fileEncoding = 4; lastKnownFileType = sourcecode.c.h; path = "NSDictionary+MTLManipulationAdditions.h"; sourceTree = "<group>"; };
		968C2BB3188B01AF0052C395 /* NSObject+MTLComparisonAdditions.h */ = {isa = PBXFileReference; fileEncoding = 4; lastKnownFileType = sourcecode.c.h; path = "NSObject+MTLComparisonAdditions.h"; sourceTree = "<group>"; };
		968C2BB4188B01AF0052C395 /* NSValueTransformer+MTLInversionAdditions.h */ = {isa = PBXFileReference; fileEncoding = 4; lastKnownFileType = sourcecode.c.h; path = "NSValueTransformer+MTLInversionAdditions.h"; sourceTree = "<group>"; };
		968C2BB5188B01AF0052C395 /* NSValueTransformer+MTLPredefinedTransformerAdditions.h */ = {isa = PBXFileReference; fileEncoding = 4; lastKnownFileType = sourcecode.c.h; path = "NSValueTransformer+MTLPredefinedTransformerAdditions.h"; sourceTree = "<group>"; };
		968C2BB7188B01AF0052C395 /* EXTScope.h */ = {isa = PBXFileReference; fileEncoding = 4; lastKnownFileType = sourcecode.c.h; path = EXTScope.h; sourceTree = "<group>"; };
		968C2BB8188B01AF0052C395 /* metamacros.h */ = {isa = PBXFileReference; fileEncoding = 4; lastKnownFileType = sourcecode.c.h; path = metamacros.h; sourceTree = "<group>"; };
		968C2BB9188B01AF0052C395 /* NSDictionary+Overcoat.h */ = {isa = PBXFileReference; fileEncoding = 4; lastKnownFileType = sourcecode.c.h; path = "NSDictionary+Overcoat.h"; sourceTree = "<group>"; };
		968C2BBA188B01AF0052C395 /* NSDictionary+Overcoat.m */ = {isa = PBXFileReference; fileEncoding = 4; lastKnownFileType = sourcecode.c.objc; path = "NSDictionary+Overcoat.m"; sourceTree = "<group>"; };
		968C2BBB188B01AF0052C395 /* OVCClient.h */ = {isa = PBXFileReference; fileEncoding = 4; lastKnownFileType = sourcecode.c.h; path = OVCClient.h; sourceTree = "<group>"; };
		968C2BBC188B01AF0052C395 /* OVCClient.m */ = {isa = PBXFileReference; fileEncoding = 4; lastKnownFileType = sourcecode.c.objc; path = OVCClient.m; sourceTree = "<group>"; };
		968C2BBD188B01AF0052C395 /* OVCMultipartPart.h */ = {isa = PBXFileReference; fileEncoding = 4; lastKnownFileType = sourcecode.c.h; path = OVCMultipartPart.h; sourceTree = "<group>"; };
		968C2BBE188B01AF0052C395 /* OVCMultipartPart.m */ = {isa = PBXFileReference; fileEncoding = 4; lastKnownFileType = sourcecode.c.objc; path = OVCMultipartPart.m; sourceTree = "<group>"; };
		968C2BBF188B01AF0052C395 /* OVCQuery.h */ = {isa = PBXFileReference; fileEncoding = 4; lastKnownFileType = sourcecode.c.h; path = OVCQuery.h; sourceTree = "<group>"; };
		968C2BC0188B01AF0052C395 /* OVCQuery.m */ = {isa = PBXFileReference; fileEncoding = 4; lastKnownFileType = sourcecode.c.objc; path = OVCQuery.m; sourceTree = "<group>"; };
		968C2BC1188B01AF0052C395 /* OVCRequestOperation.h */ = {isa = PBXFileReference; fileEncoding = 4; lastKnownFileType = sourcecode.c.h; path = OVCRequestOperation.h; sourceTree = "<group>"; };
		968C2BC2188B01AF0052C395 /* OVCRequestOperation.m */ = {isa = PBXFileReference; fileEncoding = 4; lastKnownFileType = sourcecode.c.objc; path = OVCRequestOperation.m; sourceTree = "<group>"; };
		968C2BC3188B01AF0052C395 /* OVCSocialClient.h */ = {isa = PBXFileReference; fileEncoding = 4; lastKnownFileType = sourcecode.c.h; path = OVCSocialClient.h; sourceTree = "<group>"; };
		968C2BC4188B01AF0052C395 /* OVCSocialClient.m */ = {isa = PBXFileReference; fileEncoding = 4; lastKnownFileType = sourcecode.c.objc; path = OVCSocialClient.m; sourceTree = "<group>"; };
		968C2BC5188B01AF0052C395 /* Overcoat.h */ = {isa = PBXFileReference; fileEncoding = 4; lastKnownFileType = sourcecode.c.h; path = Overcoat.h; sourceTree = "<group>"; };
		968C2BD6188B031C0052C395 /* libMantle.a */ = {isa = PBXFileReference; lastKnownFileType = archive.ar; path = libMantle.a; sourceTree = SOURCE_ROOT; };
		96BC4B1318E4E301000822F5 /* HNNewsDetailViewController.h */ = {isa = PBXFileReference; fileEncoding = 4; lastKnownFileType = sourcecode.c.h; path = HNNewsDetailViewController.h; sourceTree = "<group>"; };
		96BC4B1418E4E301000822F5 /* HNNewsDetailViewController.m */ = {isa = PBXFileReference; fileEncoding = 4; lastKnownFileType = sourcecode.c.objc; path = HNNewsDetailViewController.m; sourceTree = "<group>"; };
		96BC4B1618E4E5F3000822F5 /* HNTitleCell.h */ = {isa = PBXFileReference; fileEncoding = 4; lastKnownFileType = sourcecode.c.h; path = HNTitleCell.h; sourceTree = "<group>"; };
		96BC4B1718E4E5F3000822F5 /* HNTitleCell.m */ = {isa = PBXFileReference; fileEncoding = 4; lastKnownFileType = sourcecode.c.objc; path = HNTitleCell.m; sourceTree = "<group>"; };
		96BC4B1918E4E626000822F5 /* HNTitleCell.xib */ = {isa = PBXFileReference; fileEncoding = 4; lastKnownFileType = file.xib; path = HNTitleCell.xib; sourceTree = "<group>"; };
		96BC4B1B18E4E7D2000822F5 /* HNAuthorCell.xib */ = {isa = PBXFileReference; fileEncoding = 4; lastKnownFileType = file.xib; path = HNAuthorCell.xib; sourceTree = "<group>"; };
		96BC4B1D18E4E7FE000822F5 /* HNAuthorCell.h */ = {isa = PBXFileReference; fileEncoding = 4; lastKnownFileType = sourcecode.c.h; path = HNAuthorCell.h; sourceTree = "<group>"; };
		96BC4B1E18E4E7FE000822F5 /* HNAuthorCell.m */ = {isa = PBXFileReference; fileEncoding = 4; lastKnownFileType = sourcecode.c.objc; path = HNAuthorCell.m; sourceTree = "<group>"; };
		96BC4B2118E4E998000822F5 /* HNContentCell.h */ = {isa = PBXFileReference; fileEncoding = 4; lastKnownFileType = sourcecode.c.h; path = HNContentCell.h; sourceTree = "<group>"; };
		96BC4B2218E4E998000822F5 /* HNContentCell.m */ = {isa = PBXFileReference; fileEncoding = 4; lastKnownFileType = sourcecode.c.objc; path = HNContentCell.m; sourceTree = "<group>"; };
		96BC4B2418E4E9A7000822F5 /* HNContentCell.xib */ = {isa = PBXFileReference; fileEncoding = 4; lastKnownFileType = file.xib; path = HNContentCell.xib; sourceTree = "<group>"; };
		96BC4B2618E4EC0A000822F5 /* HNHeaderReusableView.h */ = {isa = PBXFileReference; fileEncoding = 4; lastKnownFileType = sourcecode.c.h; path = HNHeaderReusableView.h; sourceTree = "<group>"; };
		96BC4B2718E4EC0A000822F5 /* HNHeaderReusableView.m */ = {isa = PBXFileReference; fileEncoding = 4; lastKnownFileType = sourcecode.c.objc; path = HNHeaderReusableView.m; sourceTree = "<group>"; };
		96BC4B2818E4EC0A000822F5 /* HNHeaderReusableView.xib */ = {isa = PBXFileReference; fileEncoding = 4; lastKnownFileType = file.xib; path = HNHeaderReusableView.xib; sourceTree = "<group>"; };
		96BC4B2B18E4F574000822F5 /* SPHGridViewFlowLayout.h */ = {isa = PBXFileReference; fileEncoding = 4; lastKnownFileType = sourcecode.c.h; path = SPHGridViewFlowLayout.h; sourceTree = "<group>"; };
		96BC4B2C18E4F574000822F5 /* SPHGridViewFlowLayout.m */ = {isa = PBXFileReference; fileEncoding = 4; lastKnownFileType = sourcecode.c.objc; path = SPHGridViewFlowLayout.m; sourceTree = "<group>"; };
/* End PBXFileReference section */

/* Begin PBXFrameworksBuildPhase section */
		9638E1EA188879C200062B4C /* Frameworks */ = {
			isa = PBXFrameworksBuildPhase;
			buildActionMask = 2147483647;
			files = (
				96879B78188C17C900BB707A /* MobileCoreServices.framework in Frameworks */,
				96879B76188C17BC00BB707A /* SystemConfiguration.framework in Frameworks */,
				968C2BD7188B031C0052C395 /* libMantle.a in Frameworks */,
				9638E5081888AB1900062B4C /* Social.framework in Frameworks */,
				9638E5061888AB0E00062B4C /* Accounts.framework in Frameworks */,
				9638E1F3188879C200062B4C /* CoreGraphics.framework in Frameworks */,
				9638E1F5188879C200062B4C /* UIKit.framework in Frameworks */,
				9638E1F1188879C200062B4C /* Foundation.framework in Frameworks */,
			);
			runOnlyForDeploymentPostprocessing = 0;
		};
		9638E205188879C200062B4C /* Frameworks */ = {
			isa = PBXFrameworksBuildPhase;
			buildActionMask = 2147483647;
			files = (
				9638E20A188879C200062B4C /* XCTest.framework in Frameworks */,
				9638E20C188879C200062B4C /* UIKit.framework in Frameworks */,
				9638E20B188879C200062B4C /* Foundation.framework in Frameworks */,
			);
			runOnlyForDeploymentPostprocessing = 0;
		};
/* End PBXFrameworksBuildPhase section */

/* Begin PBXGroup section */
		9603A87918983FC2007B03E2 /* MRProgress */ = {
			isa = PBXGroup;
			children = (
				9603A87A18983FC2007B03E2 /* Blur */,
				9603A87F18983FC2007B03E2 /* Components */,
				9603A88D18983FC2007B03E2 /* MRProgress.h */,
				9603A88E18983FC2007B03E2 /* Utils */,
			);
			name = MRProgress;
			path = Libraries/MRProgress;
			sourceTree = "<group>";
		};
		9603A87A18983FC2007B03E2 /* Blur */ = {
			isa = PBXGroup;
			children = (
				9603A87B18983FC2007B03E2 /* MRBlurView.h */,
				9603A87C18983FC2007B03E2 /* MRBlurView.m */,
				9603A87D18983FC2007B03E2 /* UIImage+MRImageEffects.h */,
				9603A87E18983FC2007B03E2 /* UIImage+MRImageEffects.m */,
			);
			path = Blur;
			sourceTree = "<group>";
		};
		9603A87F18983FC2007B03E2 /* Components */ = {
			isa = PBXGroup;
			children = (
				9603A88018983FC2007B03E2 /* MRActivityIndicatorView.h */,
				9603A88118983FC2007B03E2 /* MRActivityIndicatorView.m */,
				9603A88218983FC2007B03E2 /* MRCircularProgressView.h */,
				9603A88318983FC2007B03E2 /* MRCircularProgressView.m */,
				9603A88418983FC2007B03E2 /* MRIconView.h */,
				9603A88518983FC2007B03E2 /* MRIconView.m */,
				9603A88618983FC2007B03E2 /* MRNavigationBarProgressView.h */,
				9603A88718983FC2007B03E2 /* MRNavigationBarProgressView.m */,
				9603A88818983FC2007B03E2 /* MRProgressOverlayView.h */,
				9603A88918983FC2007B03E2 /* MRProgressOverlayView.m */,
				9603A88A18983FC2007B03E2 /* MRStopableView.h */,
				9603A88B18983FC2007B03E2 /* MRStopButton.h */,
				9603A88C18983FC2007B03E2 /* MRStopButton.m */,
			);
			path = Components;
			sourceTree = "<group>";
		};
		9603A88E18983FC2007B03E2 /* Utils */ = {
			isa = PBXGroup;
			children = (
				9603A88F18983FC2007B03E2 /* MRMessageInterceptor.h */,
				9603A89018983FC2007B03E2 /* MRMessageInterceptor.m */,
				9603A89118983FC2007B03E2 /* MRProgressHelper.h */,
				9603A89218983FC2007B03E2 /* MRWeakProxy.h */,
				9603A89318983FC2007B03E2 /* MRWeakProxy.m */,
			);
			path = Utils;
			sourceTree = "<group>";
		};
		962601921975DCA100F415E5 /* Transition */ = {
			isa = PBXGroup;
			children = (
				9626018B1975DC9600F415E5 /* ZoomInteractiveTransition.h */,
				9626018C1975DC9600F415E5 /* ZoomInteractiveTransition.m */,
				9626018D1975DC9600F415E5 /* ZoomTransitionProtocol.h */,
				9626018E1975DC9600F415E5 /* UIView+Snapshotting.h */,
				9626018F1975DC9600F415E5 /* UIView+Snapshotting.m */,
			);
			name = Transition;
			sourceTree = "<group>";
		};
		9638E1E4188879C200062B4C = {
			isa = PBXGroup;
			children = (
				9638E23618887D3000062B4C /* Third Party */,
				9638E1F6188879C200062B4C /* Habari News */,
				9638E20F188879C200062B4C /* Habari NewsTests */,
				9638E1EF188879C200062B4C /* Frameworks */,
				9638E1EE188879C200062B4C /* Products */,
			);
			sourceTree = "<group>";
		};
		9638E1EE188879C200062B4C /* Products */ = {
			isa = PBXGroup;
			children = (
				9638E1ED188879C200062B4C /* Habari News.app */,
				9638E208188879C200062B4C /* Habari NewsTests.xctest */,
			);
			name = Products;
			sourceTree = "<group>";
		};
		9638E1EF188879C200062B4C /* Frameworks */ = {
			isa = PBXGroup;
			children = (
				96879B77188C17C800BB707A /* MobileCoreServices.framework */,
				96879B75188C17BC00BB707A /* SystemConfiguration.framework */,
				9638E5071888AB1900062B4C /* Social.framework */,
				9638E5051888AB0E00062B4C /* Accounts.framework */,
				9638E1F0188879C200062B4C /* Foundation.framework */,
				9638E1F2188879C200062B4C /* CoreGraphics.framework */,
				9638E1F4188879C200062B4C /* UIKit.framework */,
				9638E209188879C200062B4C /* XCTest.framework */,
			);
			name = Frameworks;
			sourceTree = "<group>";
		};
		9638E1F6188879C200062B4C /* Habari News */ = {
			isa = PBXGroup;
			children = (
				9638E4CC1888A28B00062B4C /* Model & Client */,
				9638E22918887BD100062B4C /* Delegate */,
				9638E23A18887D7C00062B4C /* Menu */,
				9638E22D18887C3A00062B4C /* Generic News VC */,
				9638E23118887C7F00062B4C /* Settings */,
				9638E1F7188879C200062B4C /* Supporting Files */,
			);
			path = "Habari News";
			sourceTree = "<group>";
		};
		9638E1F7188879C200062B4C /* Supporting Files */ = {
			isa = PBXGroup;
			children = (
				96879B6D188C0EF900BB707A /* side_menu_quicklist_icon_selected.png */,
				96879B6E188C0EF900BB707A /* side_menu_quicklist_icon_selected@2x.png */,
				96879B69188C0CD300BB707A /* side_menu_quicklist_icon.png */,
				96879B6A188C0CD300BB707A /* side_menu_quicklist_icon@2x.png */,
				96879B65188C08E200BB707A /* ico_close.png */,
				96879B66188C08E200BB707A /* ico_close@2x.png */,
				9638E202188879C200062B4C /* Images.xcassets */,
				96879B61188B4D6D00BB707A /* BlackXButton.png */,
				96879B62188B4D6D00BB707A /* BlackXButton@2x.png */,
				9638E23F188891E200062B4C /* menu-icon.png */,
				9638E240188891E200062B4C /* menu-icon@2x.png */,
				9638E1F8188879C200062B4C /* Habari News-Info.plist */,
				9638E1F9188879C200062B4C /* InfoPlist.strings */,
				9638E1FC188879C200062B4C /* main.m */,
				9638E1FE188879C200062B4C /* Habari News-Prefix.pch */,
			);
			name = "Supporting Files";
			sourceTree = "<group>";
		};
		9638E20F188879C200062B4C /* Habari NewsTests */ = {
			isa = PBXGroup;
			children = (
				9638E215188879C200062B4C /* Habari_NewsTests.m */,
				9638E210188879C200062B4C /* Supporting Files */,
			);
			path = "Habari NewsTests";
			sourceTree = "<group>";
		};
		9638E210188879C200062B4C /* Supporting Files */ = {
			isa = PBXGroup;
			children = (
				9638E211188879C200062B4C /* Habari NewsTests-Info.plist */,
				9638E212188879C200062B4C /* InfoPlist.strings */,
			);
			name = "Supporting Files";
			sourceTree = "<group>";
		};
		9638E21F18887A6200062B4C /* RESideMenu */ = {
			isa = PBXGroup;
			children = (
				9638E22018887A6200062B4C /* RECommonFunctions.h */,
				9638E22118887A6200062B4C /* RECommonFunctions.m */,
				9638E22218887A6200062B4C /* RESideMenu.h */,
				9638E22318887A6200062B4C /* RESideMenu.m */,
				9638E22418887A6200062B4C /* UIViewController+RESideMenu.h */,
				9638E22518887A6200062B4C /* UIViewController+RESideMenu.m */,
			);
			path = RESideMenu;
			sourceTree = "<group>";
		};
		9638E22918887BD100062B4C /* Delegate */ = {
			isa = PBXGroup;
			children = (
				9638E1FF188879C200062B4C /* HNAppDelegate.h */,
				9638E200188879C200062B4C /* HNAppDelegate.m */,
			);
			name = Delegate;
			sourceTree = "<group>";
		};
		9638E22D18887C3A00062B4C /* Generic News VC */ = {
			isa = PBXGroup;
			children = (
				962601921975DCA100F415E5 /* Transition */,
				9638E22A18887C3500062B4C /* HNGenericNewsViewController.h */,
				9638E22B18887C3500062B4C /* HNGenericNewsViewController.m */,
				968C2AC4188ACBD80052C395 /* HNNewsFlowLayout.h */,
				968C2AC5188ACBD80052C395 /* HNNewsFlowLayout.m */,
				968C2AC7188ACDFE0052C395 /* HNNewsCollectionViewCell.h */,
				968C2AC8188ACDFE0052C395 /* HNNewsCollectionViewCell.m */,
				968C2ACC188ACFB10052C395 /* HNNewsCollectionView.xib */,
				96879B88188F3A3800BB707A /* Sports */,
				96879B84188F3A1C00BB707A /* Business */,
				96879B80188F366D00BB707A /* Tech */,
				96879B7C188F360100BB707A /* Latest news */,
				96879B46188B465B00BB707A /* Detail view */,
			);
			name = "Generic News VC";
			sourceTree = "<group>";
		};
		9638E23118887C7F00062B4C /* Settings */ = {
			isa = PBXGroup;
			children = (
				9638E22E18887C6200062B4C /* HNSettingsViewController.h */,
				9638E22F18887C6200062B4C /* HNSettingsViewController.m */,
				9638E23518887CC200062B4C /* Feedback */,
			);
			name = Settings;
			sourceTree = "<group>";
		};
		9638E23518887CC200062B4C /* Feedback */ = {
			isa = PBXGroup;
			children = (
				9638E23218887CBD00062B4C /* HNFeedBackViewController.h */,
				9638E23318887CBD00062B4C /* HNFeedBackViewController.m */,
			);
			name = Feedback;
			sourceTree = "<group>";
		};
		9638E23618887D3000062B4C /* Third Party */ = {
			isa = PBXGroup;
			children = (
				9603A87918983FC2007B03E2 /* MRProgress */,
				96879B71188C16AA00BB707A /* AFOAuth2Client */,
				968C2B95188B01AF0052C395 /* AFNetworking */,
				968C2BA9188B01AF0052C395 /* Mantle */,
				968C2BB6188B01AF0052C395 /* Overcoat */,
				968C2AD1188AD2DF0052C395 /* Relative Date */,
				9638E23E18888D7A00062B4C /* Category */,
				9638E21F18887A6200062B4C /* RESideMenu */,
			);
			name = "Third Party";
			sourceTree = "<group>";
		};
		9638E23A18887D7C00062B4C /* Menu */ = {
			isa = PBXGroup;
			children = (
				9638E23718887D7500062B4C /* HNLeftMenuViewController.h */,
				9638E23818887D7500062B4C /* HNLeftMenuViewController.m */,
			);
			name = Menu;
			sourceTree = "<group>";
		};
		9638E23E18888D7A00062B4C /* Category */ = {
			isa = PBXGroup;
			children = (
				967D67C118C6A8CE005F84D2 /* UIColor+FlatUI.h */,
				967D67C218C6A8CE005F84D2 /* UIColor+FlatUI.m */,
				967D67C318C6A8CE005F84D2 /* UIFont+Additions.h */,
				967D67C418C6A8CE005F84D2 /* UIFont+Additions.m */,
				967D67C518C6A8CE005F84D2 /* UIImage+BlurredFrame.h */,
				967D67C618C6A8CE005F84D2 /* UIImage+BlurredFrame.m */,
				967D67C718C6A8CE005F84D2 /* UIImage+ImageEffects.h */,
				967D67C818C6A8CE005F84D2 /* UIImage+ImageEffects.m */,
				967D67C918C6A8CE005F84D2 /* UIImage+Utilities.h */,
				967D67CA18C6A8CE005F84D2 /* UIImage+Utilities.m */,
			);
			name = Category;
			sourceTree = "<group>";
		};
		9638E48618889C3E00062B4C /* Model */ = {
			isa = PBXGroup;
			children = (
				9638E48318889C3900062B4C /* Article.h */,
				9638E48418889C3900062B4C /* Article.m */,
			);
			name = Model;
			sourceTree = "<group>";
		};
		9638E4CB1888A27F00062B4C /* Client */ = {
			isa = PBXGroup;
			children = (
				9638E4C81888A27300062B4C /* HNClient.h */,
				9638E4C91888A27300062B4C /* HNClient.m */,
			);
			name = Client;
			sourceTree = "<group>";
		};
		9638E4CC1888A28B00062B4C /* Model & Client */ = {
			isa = PBXGroup;
			children = (
				9638E4CB1888A27F00062B4C /* Client */,
				9638E48618889C3E00062B4C /* Model */,
			);
			name = "Model & Client";
			sourceTree = "<group>";
		};
		96879B46188B465B00BB707A /* Detail view */ = {
			isa = PBXGroup;
			children = (
				96879B3E188B465600BB707A /* FullScreenView.h */,
				96879B3F188B465600BB707A /* FullScreenView.m */,
				96879B5B188B491E00BB707A /* iPhoneStyle.css */,
				96879B5C188B491E00BB707A /* style.css */,
				96879B5F188B494900BB707A /* share-back.png */,
				96879B54188B468800BB707A /* Browser */,
				96BC4B2B18E4F574000822F5 /* SPHGridViewFlowLayout.h */,
				96BC4B2C18E4F574000822F5 /* SPHGridViewFlowLayout.m */,
				96BC4B1318E4E301000822F5 /* HNNewsDetailViewController.h */,
				96BC4B1418E4E301000822F5 /* HNNewsDetailViewController.m */,
				96BC4B2018E4E836000822F5 /* Cells */,
			);
			name = "Detail view";
			sourceTree = "<group>";
		};
		96879B54188B468800BB707A /* Browser */ = {
			isa = PBXGroup;
			children = (
				96879B47188B467E00BB707A /* BrowserViewController.h */,
				96879B48188B467E00BB707A /* BrowserViewController.m */,
				96879B49188B467E00BB707A /* BrowserViewController.xib */,
				96879B4A188B467E00BB707A /* left.png */,
				96879B4B188B467E00BB707A /* left@2x.png */,
				96879B4C188B467E00BB707A /* right.png */,
				96879B4D188B467E00BB707A /* right@2x.png */,
			);
			name = Browser;
			sourceTree = "<group>";
		};
		96879B71188C16AA00BB707A /* AFOAuth2Client */ = {
			isa = PBXGroup;
			children = (
				96879B72188C16AA00BB707A /* AFOAuth2Client.h */,
				96879B73188C16AA00BB707A /* AFOAuth2Client.m */,
			);
			name = AFOAuth2Client;
			path = Libraries/AFOAuth2Client;
			sourceTree = "<group>";
		};
		96879B7C188F360100BB707A /* Latest news */ = {
			isa = PBXGroup;
			children = (
				96879B79188F35FA00BB707A /* HNLatestNewsViewController.h */,
				96879B7A188F35FB00BB707A /* HNLatestNewsViewController.m */,
			);
			name = "Latest news";
			sourceTree = "<group>";
		};
		96879B80188F366D00BB707A /* Tech */ = {
			isa = PBXGroup;
			children = (
				96879B7D188F366800BB707A /* HNTechViewController.h */,
				96879B7E188F366800BB707A /* HNTechViewController.m */,
			);
			name = Tech;
			sourceTree = "<group>";
		};
		96879B84188F3A1C00BB707A /* Business */ = {
			isa = PBXGroup;
			children = (
				96879B81188F36A600BB707A /* HNBusinessViewController.h */,
				96879B82188F36A600BB707A /* HNBusinessViewController.m */,
			);
			name = Business;
			sourceTree = "<group>";
		};
		96879B88188F3A3800BB707A /* Sports */ = {
			isa = PBXGroup;
			children = (
				96879B85188F3A3300BB707A /* HNSportsViewController.h */,
				96879B86188F3A3300BB707A /* HNSportsViewController.m */,
			);
			name = Sports;
			sourceTree = "<group>";
		};
		968C2AD1188AD2DF0052C395 /* Relative Date */ = {
			isa = PBXGroup;
			children = (
				968C2ACE188AD2DA0052C395 /* RelativeDateDescriptor.h */,
				968C2ACF188AD2DA0052C395 /* RelativeDateDescriptor.m */,
			);
			name = "Relative Date";
			sourceTree = "<group>";
		};
		968C2B95188B01AF0052C395 /* AFNetworking */ = {
			isa = PBXGroup;
			children = (
				968C2B96188B01AF0052C395 /* AFHTTPClient.h */,
				968C2B97188B01AF0052C395 /* AFHTTPClient.m */,
				968C2B98188B01AF0052C395 /* AFHTTPRequestOperation.h */,
				968C2B99188B01AF0052C395 /* AFHTTPRequestOperation.m */,
				968C2B9A188B01AF0052C395 /* AFImageRequestOperation.h */,
				968C2B9B188B01AF0052C395 /* AFImageRequestOperation.m */,
				968C2B9C188B01AF0052C395 /* AFJSONRequestOperation.h */,
				968C2B9D188B01AF0052C395 /* AFJSONRequestOperation.m */,
				968C2B9E188B01AF0052C395 /* AFNetworkActivityIndicatorManager.h */,
				968C2B9F188B01AF0052C395 /* AFNetworkActivityIndicatorManager.m */,
				968C2BA0188B01AF0052C395 /* AFNetworking.h */,
				968C2BA1188B01AF0052C395 /* AFPropertyListRequestOperation.h */,
				968C2BA2188B01AF0052C395 /* AFPropertyListRequestOperation.m */,
				968C2BA3188B01AF0052C395 /* AFURLConnectionOperation.h */,
				968C2BA4188B01AF0052C395 /* AFURLConnectionOperation.m */,
				968C2BA5188B01AF0052C395 /* AFXMLRequestOperation.h */,
				968C2BA6188B01AF0052C395 /* AFXMLRequestOperation.m */,
				968C2BA7188B01AF0052C395 /* UIImageView+AFNetworking.h */,
				968C2BA8188B01AF0052C395 /* UIImageView+AFNetworking.m */,
			);
			name = AFNetworking;
			path = Libraries/AFNetworking;
			sourceTree = "<group>";
		};
		968C2BA9188B01AF0052C395 /* Mantle */ = {
			isa = PBXGroup;
			children = (
				968C2BD6188B031C0052C395 /* libMantle.a */,
				968C2BAB188B01AF0052C395 /* Mantle.h */,
				968C2BAC188B01AF0052C395 /* MTLJSONAdapter.h */,
				968C2BAD188B01AF0052C395 /* MTLManagedObjectAdapter.h */,
				968C2BAE188B01AF0052C395 /* MTLModel+NSCoding.h */,
				968C2BAF188B01AF0052C395 /* MTLModel.h */,
				968C2BB0188B01AF0052C395 /* MTLValueTransformer.h */,
				968C2BB1188B01AF0052C395 /* NSArray+MTLManipulationAdditions.h */,
				968C2BB2188B01AF0052C395 /* NSDictionary+MTLManipulationAdditions.h */,
				968C2BB3188B01AF0052C395 /* NSObject+MTLComparisonAdditions.h */,
				968C2BB4188B01AF0052C395 /* NSValueTransformer+MTLInversionAdditions.h */,
				968C2BB5188B01AF0052C395 /* NSValueTransformer+MTLPredefinedTransformerAdditions.h */,
			);
			name = Mantle;
			path = Libraries/Mantle;
			sourceTree = "<group>";
		};
		968C2BB6188B01AF0052C395 /* Overcoat */ = {
			isa = PBXGroup;
			children = (
				968C2BB7188B01AF0052C395 /* EXTScope.h */,
				968C2BB8188B01AF0052C395 /* metamacros.h */,
				968C2BB9188B01AF0052C395 /* NSDictionary+Overcoat.h */,
				968C2BBA188B01AF0052C395 /* NSDictionary+Overcoat.m */,
				968C2BBB188B01AF0052C395 /* OVCClient.h */,
				968C2BBC188B01AF0052C395 /* OVCClient.m */,
				968C2BBD188B01AF0052C395 /* OVCMultipartPart.h */,
				968C2BBE188B01AF0052C395 /* OVCMultipartPart.m */,
				968C2BBF188B01AF0052C395 /* OVCQuery.h */,
				968C2BC0188B01AF0052C395 /* OVCQuery.m */,
				968C2BC1188B01AF0052C395 /* OVCRequestOperation.h */,
				968C2BC2188B01AF0052C395 /* OVCRequestOperation.m */,
				968C2BC3188B01AF0052C395 /* OVCSocialClient.h */,
				968C2BC4188B01AF0052C395 /* OVCSocialClient.m */,
				968C2BC5188B01AF0052C395 /* Overcoat.h */,
			);
			name = Overcoat;
			path = Libraries/Overcoat;
			sourceTree = "<group>";
		};
		96BC4B2018E4E836000822F5 /* Cells */ = {
			isa = PBXGroup;
			children = (
				96BC4B2618E4EC0A000822F5 /* HNHeaderReusableView.h */,
				96BC4B2718E4EC0A000822F5 /* HNHeaderReusableView.m */,
				96BC4B2818E4EC0A000822F5 /* HNHeaderReusableView.xib */,
				96BC4B1618E4E5F3000822F5 /* HNTitleCell.h */,
				96BC4B1718E4E5F3000822F5 /* HNTitleCell.m */,
				96BC4B1918E4E626000822F5 /* HNTitleCell.xib */,
				96BC4B1D18E4E7FE000822F5 /* HNAuthorCell.h */,
				96BC4B1E18E4E7FE000822F5 /* HNAuthorCell.m */,
				96BC4B1B18E4E7D2000822F5 /* HNAuthorCell.xib */,
				96BC4B2118E4E998000822F5 /* HNContentCell.h */,
				96BC4B2218E4E998000822F5 /* HNContentCell.m */,
				96BC4B2418E4E9A7000822F5 /* HNContentCell.xib */,
				96439E2E18E86348000BC672 /* HNWebButton.h */,
				96439E2F18E86348000BC672 /* HNWebButton.m */,
				96439E3118E86418000BC672 /* HNWebButton.xib */,
			);
			name = Cells;
			sourceTree = "<group>";
		};
/* End PBXGroup section */

/* Begin PBXNativeTarget section */
		9638E1EC188879C200062B4C /* Habari News */ = {
			isa = PBXNativeTarget;
			buildConfigurationList = 9638E219188879C200062B4C /* Build configuration list for PBXNativeTarget "Habari News" */;
			buildPhases = (
				9638E1E9188879C200062B4C /* Sources */,
				9638E1EA188879C200062B4C /* Frameworks */,
				9638E1EB188879C200062B4C /* Resources */,
			);
			buildRules = (
			);
			dependencies = (
			);
			name = "Habari News";
			productName = "Habari News";
			productReference = 9638E1ED188879C200062B4C /* Habari News.app */;
			productType = "com.apple.product-type.application";
		};
		9638E207188879C200062B4C /* Habari NewsTests */ = {
			isa = PBXNativeTarget;
			buildConfigurationList = 9638E21C188879C200062B4C /* Build configuration list for PBXNativeTarget "Habari NewsTests" */;
			buildPhases = (
				9638E204188879C200062B4C /* Sources */,
				9638E205188879C200062B4C /* Frameworks */,
				9638E206188879C200062B4C /* Resources */,
			);
			buildRules = (
			);
			dependencies = (
				9638E20E188879C200062B4C /* PBXTargetDependency */,
			);
			name = "Habari NewsTests";
			productName = "Habari NewsTests";
			productReference = 9638E208188879C200062B4C /* Habari NewsTests.xctest */;
			productType = "com.apple.product-type.bundle.unit-test";
		};
/* End PBXNativeTarget section */

/* Begin PBXProject section */
		9638E1E5188879C200062B4C /* Project object */ = {
			isa = PBXProject;
			attributes = {
				CLASSPREFIX = HN;
				LastUpgradeCheck = 0510;
				ORGANIZATIONNAME = "Edwin Bosire";
				TargetAttributes = {
					9638E207188879C200062B4C = {
						TestTargetID = 9638E1EC188879C200062B4C;
					};
				};
			};
			buildConfigurationList = 9638E1E8188879C200062B4C /* Build configuration list for PBXProject "Habari News" */;
			compatibilityVersion = "Xcode 3.2";
			developmentRegion = English;
			hasScannedForEncodings = 0;
			knownRegions = (
				en,
			);
			mainGroup = 9638E1E4188879C200062B4C;
			productRefGroup = 9638E1EE188879C200062B4C /* Products */;
			projectDirPath = "";
			projectRoot = "";
			targets = (
				9638E1EC188879C200062B4C /* Habari News */,
				9638E207188879C200062B4C /* Habari NewsTests */,
			);
		};
/* End PBXProject section */

/* Begin PBXResourcesBuildPhase section */
		9638E1EB188879C200062B4C /* Resources */ = {
			isa = PBXResourcesBuildPhase;
			buildActionMask = 2147483647;
			files = (
				96BC4B2518E4E9A7000822F5 /* HNContentCell.xib in Resources */,
				96879B5D188B491E00BB707A /* iPhoneStyle.css in Resources */,
				9638E242188891E200062B4C /* menu-icon@2x.png in Resources */,
				96879B60188B494900BB707A /* share-back.png in Resources */,
				96879B52188B467E00BB707A /* right.png in Resources */,
				96879B6B188C0CD300BB707A /* side_menu_quicklist_icon.png in Resources */,
				96879B63188B4D6D00BB707A /* BlackXButton.png in Resources */,
				96879B50188B467E00BB707A /* left.png in Resources */,
				9638E1FB188879C200062B4C /* InfoPlist.strings in Resources */,
				9638E241188891E200062B4C /* menu-icon.png in Resources */,
				96439E3218E86418000BC672 /* HNWebButton.xib in Resources */,
				96879B5E188B491E00BB707A /* style.css in Resources */,
				96BC4B1C18E4E7D2000822F5 /* HNAuthorCell.xib in Resources */,
				96879B64188B4D6D00BB707A /* BlackXButton@2x.png in Resources */,
				96BC4B1A18E4E626000822F5 /* HNTitleCell.xib in Resources */,
				96879B67188C08E200BB707A /* ico_close.png in Resources */,
				96879B68188C08E200BB707A /* ico_close@2x.png in Resources */,
				96879B70188C0EF900BB707A /* side_menu_quicklist_icon_selected@2x.png in Resources */,
				96879B4F188B467E00BB707A /* BrowserViewController.xib in Resources */,
				96879B6C188C0CD300BB707A /* side_menu_quicklist_icon@2x.png in Resources */,
				96879B51188B467E00BB707A /* left@2x.png in Resources */,
				968C2ACD188ACFB10052C395 /* HNNewsCollectionView.xib in Resources */,
				96879B6F188C0EF900BB707A /* side_menu_quicklist_icon_selected.png in Resources */,
				9638E203188879C200062B4C /* Images.xcassets in Resources */,
				96BC4B2A18E4EC0A000822F5 /* HNHeaderReusableView.xib in Resources */,
				96879B53188B467E00BB707A /* right@2x.png in Resources */,
			);
			runOnlyForDeploymentPostprocessing = 0;
		};
		9638E206188879C200062B4C /* Resources */ = {
			isa = PBXResourcesBuildPhase;
			buildActionMask = 2147483647;
			files = (
				9638E214188879C200062B4C /* InfoPlist.strings in Resources */,
			);
			runOnlyForDeploymentPostprocessing = 0;
		};
/* End PBXResourcesBuildPhase section */

/* Begin PBXSourcesBuildPhase section */
		9638E1E9188879C200062B4C /* Sources */ = {
			isa = PBXSourcesBuildPhase;
			buildActionMask = 2147483647;
			files = (
				96BC4B1518E4E301000822F5 /* HNNewsDetailViewController.m in Sources */,
				96BC4B2D18E4F574000822F5 /* SPHGridViewFlowLayout.m in Sources */,
				9603A89618983FC2007B03E2 /* MRActivityIndicatorView.m in Sources */,
				968C2BCC188B01AF0052C395 /* AFURLConnectionOperation.m in Sources */,
				9603A89C18983FC2007B03E2 /* MRMessageInterceptor.m in Sources */,
				9638E22718887A6200062B4C /* RESideMenu.m in Sources */,
				96879B83188F36A600BB707A /* HNBusinessViewController.m in Sources */,
				968C2AC9188ACDFE0052C395 /* HNNewsCollectionViewCell.m in Sources */,
				967D67CE18C6A8CE005F84D2 /* UIImage+ImageEffects.m in Sources */,
				96BC4B1F18E4E7FE000822F5 /* HNAuthorCell.m in Sources */,
				9638E201188879C200062B4C /* HNAppDelegate.m in Sources */,
				968C2BC9188B01AF0052C395 /* AFJSONRequestOperation.m in Sources */,
				962601901975DC9600F415E5 /* ZoomInteractiveTransition.m in Sources */,
				96879B4E188B467E00BB707A /* BrowserViewController.m in Sources */,
				96879B43188B465600BB707A /* FullScreenView.m in Sources */,
				968C2BCD188B01AF0052C395 /* AFXMLRequestOperation.m in Sources */,
				9603A89818983FC2007B03E2 /* MRIconView.m in Sources */,
				96439E3018E86348000BC672 /* HNWebButton.m in Sources */,
				967D67CC18C6A8CE005F84D2 /* UIFont+Additions.m in Sources */,
				9603A89A18983FC2007B03E2 /* MRProgressOverlayView.m in Sources */,
				968C2BCA188B01AF0052C395 /* AFNetworkActivityIndicatorManager.m in Sources */,
				968C2BD0188B01B00052C395 /* NSDictionary+Overcoat.m in Sources */,
				9603A89D18983FC2007B03E2 /* MRWeakProxy.m in Sources */,
				96BC4B2318E4E998000822F5 /* HNContentCell.m in Sources */,
				9603A89518983FC2007B03E2 /* UIImage+MRImageEffects.m in Sources */,
				9638E4CA1888A27300062B4C /* HNClient.m in Sources */,
				962601911975DC9600F415E5 /* UIView+Snapshotting.m in Sources */,
				9603A89418983FC2007B03E2 /* MRBlurView.m in Sources */,
				9638E22818887A6200062B4C /* UIViewController+RESideMenu.m in Sources */,
				96879B7B188F35FB00BB707A /* HNLatestNewsViewController.m in Sources */,
				9638E22C18887C3500062B4C /* HNGenericNewsViewController.m in Sources */,
				968C2BCB188B01AF0052C395 /* AFPropertyListRequestOperation.m in Sources */,
				96BC4B2918E4EC0A000822F5 /* HNHeaderReusableView.m in Sources */,
				96879B7F188F366800BB707A /* HNTechViewController.m in Sources */,
				96BC4B1818E4E5F3000822F5 /* HNTitleCell.m in Sources */,
				968C2BC8188B01AF0052C395 /* AFImageRequestOperation.m in Sources */,
				9638E23018887C6200062B4C /* HNSettingsViewController.m in Sources */,
				968C2BD5188B01B00052C395 /* OVCSocialClient.m in Sources */,
				967D67CB18C6A8CE005F84D2 /* UIColor+FlatUI.m in Sources */,
				9638E48518889C3900062B4C /* Article.m in Sources */,
				968C2BD1188B01B00052C395 /* OVCClient.m in Sources */,
				9638E22618887A6200062B4C /* RECommonFunctions.m in Sources */,
				9638E23918887D7500062B4C /* HNLeftMenuViewController.m in Sources */,
				9603A89B18983FC2007B03E2 /* MRStopButton.m in Sources */,
				9638E1FD188879C200062B4C /* main.m in Sources */,
				9638E23418887CBD00062B4C /* HNFeedBackViewController.m in Sources */,
				968C2BCE188B01AF0052C395 /* UIImageView+AFNetworking.m in Sources */,
				968C2AC6188ACBD80052C395 /* HNNewsFlowLayout.m in Sources */,
				9603A89918983FC2007B03E2 /* MRNavigationBarProgressView.m in Sources */,
				96879B74188C16AA00BB707A /* AFOAuth2Client.m in Sources */,
				968C2BD3188B01B00052C395 /* OVCQuery.m in Sources */,
				968C2BD4188B01B00052C395 /* OVCRequestOperation.m in Sources */,
				968C2AD0188AD2DA0052C395 /* RelativeDateDescriptor.m in Sources */,
				967D67CD18C6A8CE005F84D2 /* UIImage+BlurredFrame.m in Sources */,
				968C2BD2188B01B00052C395 /* OVCMultipartPart.m in Sources */,
				967D67CF18C6A8CE005F84D2 /* UIImage+Utilities.m in Sources */,
				9603A89718983FC2007B03E2 /* MRCircularProgressView.m in Sources */,
				968C2BC7188B01AF0052C395 /* AFHTTPRequestOperation.m in Sources */,
				96879B87188F3A3300BB707A /* HNSportsViewController.m in Sources */,
				968C2BC6188B01AF0052C395 /* AFHTTPClient.m in Sources */,
			);
			runOnlyForDeploymentPostprocessing = 0;
		};
		9638E204188879C200062B4C /* Sources */ = {
			isa = PBXSourcesBuildPhase;
			buildActionMask = 2147483647;
			files = (
				9638E216188879C200062B4C /* Habari_NewsTests.m in Sources */,
			);
			runOnlyForDeploymentPostprocessing = 0;
		};
/* End PBXSourcesBuildPhase section */

/* Begin PBXTargetDependency section */
		9638E20E188879C200062B4C /* PBXTargetDependency */ = {
			isa = PBXTargetDependency;
			target = 9638E1EC188879C200062B4C /* Habari News */;
			targetProxy = 9638E20D188879C200062B4C /* PBXContainerItemProxy */;
		};
/* End PBXTargetDependency section */

/* Begin PBXVariantGroup section */
		9638E1F9188879C200062B4C /* InfoPlist.strings */ = {
			isa = PBXVariantGroup;
			children = (
				9638E1FA188879C200062B4C /* en */,
			);
			name = InfoPlist.strings;
			sourceTree = "<group>";
		};
		9638E212188879C200062B4C /* InfoPlist.strings */ = {
			isa = PBXVariantGroup;
			children = (
				9638E213188879C200062B4C /* en */,
			);
			name = InfoPlist.strings;
			sourceTree = "<group>";
		};
/* End PBXVariantGroup section */

/* Begin XCBuildConfiguration section */
		9638E217188879C200062B4C /* Debug */ = {
			isa = XCBuildConfiguration;
			buildSettings = {
				ALWAYS_SEARCH_USER_PATHS = NO;
				CLANG_CXX_LANGUAGE_STANDARD = "gnu++0x";
				CLANG_CXX_LIBRARY = "libc++";
				CLANG_ENABLE_MODULES = YES;
				CLANG_ENABLE_OBJC_ARC = YES;
				CLANG_WARN_BOOL_CONVERSION = YES;
				CLANG_WARN_CONSTANT_CONVERSION = YES;
				CLANG_WARN_DIRECT_OBJC_ISA_USAGE = YES_ERROR;
				CLANG_WARN_EMPTY_BODY = YES;
				CLANG_WARN_ENUM_CONVERSION = YES;
				CLANG_WARN_INT_CONVERSION = YES;
				CLANG_WARN_OBJC_ROOT_CLASS = YES_ERROR;
				CLANG_WARN__DUPLICATE_METHOD_MATCH = YES;
				"CODE_SIGN_IDENTITY[sdk=iphoneos*]" = "iPhone Developer";
				COPY_PHASE_STRIP = NO;
				GCC_C_LANGUAGE_STANDARD = gnu99;
				GCC_DYNAMIC_NO_PIC = NO;
				GCC_OPTIMIZATION_LEVEL = 0;
				GCC_PREPROCESSOR_DEFINITIONS = (
					"DEBUG=1",
					"$(inherited)",
				);
				GCC_SYMBOLS_PRIVATE_EXTERN = NO;
				GCC_WARN_64_TO_32_BIT_CONVERSION = YES;
				GCC_WARN_ABOUT_RETURN_TYPE = YES_ERROR;
				GCC_WARN_UNDECLARED_SELECTOR = YES;
				GCC_WARN_UNINITIALIZED_AUTOS = YES;
				GCC_WARN_UNUSED_FUNCTION = YES;
				GCC_WARN_UNUSED_VARIABLE = YES;
				IPHONEOS_DEPLOYMENT_TARGET = 7.0;
				ONLY_ACTIVE_ARCH = YES;
				SDKROOT = iphoneos;
				TARGETED_DEVICE_FAMILY = "1,2";
			};
			name = Debug;
		};
		9638E218188879C200062B4C /* Release */ = {
			isa = XCBuildConfiguration;
			buildSettings = {
				ALWAYS_SEARCH_USER_PATHS = NO;
				CLANG_CXX_LANGUAGE_STANDARD = "gnu++0x";
				CLANG_CXX_LIBRARY = "libc++";
				CLANG_ENABLE_MODULES = YES;
				CLANG_ENABLE_OBJC_ARC = YES;
				CLANG_WARN_BOOL_CONVERSION = YES;
				CLANG_WARN_CONSTANT_CONVERSION = YES;
				CLANG_WARN_DIRECT_OBJC_ISA_USAGE = YES_ERROR;
				CLANG_WARN_EMPTY_BODY = YES;
				CLANG_WARN_ENUM_CONVERSION = YES;
				CLANG_WARN_INT_CONVERSION = YES;
				CLANG_WARN_OBJC_ROOT_CLASS = YES_ERROR;
				CLANG_WARN__DUPLICATE_METHOD_MATCH = YES;
				"CODE_SIGN_IDENTITY[sdk=iphoneos*]" = "iPhone Developer";
				COPY_PHASE_STRIP = YES;
				ENABLE_NS_ASSERTIONS = NO;
				GCC_C_LANGUAGE_STANDARD = gnu99;
				GCC_WARN_64_TO_32_BIT_CONVERSION = YES;
				GCC_WARN_ABOUT_RETURN_TYPE = YES_ERROR;
				GCC_WARN_UNDECLARED_SELECTOR = YES;
				GCC_WARN_UNINITIALIZED_AUTOS = YES;
				GCC_WARN_UNUSED_FUNCTION = YES;
				GCC_WARN_UNUSED_VARIABLE = YES;
				IPHONEOS_DEPLOYMENT_TARGET = 7.0;
				SDKROOT = iphoneos;
				TARGETED_DEVICE_FAMILY = "1,2";
				VALIDATE_PRODUCT = YES;
			};
			name = Release;
		};
		9638E21A188879C200062B4C /* Debug */ = {
			isa = XCBuildConfiguration;
			buildSettings = {
				ALWAYS_SEARCH_USER_PATHS = YES;
				ASSETCATALOG_COMPILER_APPICON_NAME = AppIcon;
				ASSETCATALOG_COMPILER_LAUNCHIMAGE_NAME = LaunchImage;
				CODE_SIGN_IDENTITY = "iPhone Developer";
				FRAMEWORK_SEARCH_PATHS = (
					"$(inherited)",
					"$(DEVELOPER_FRAMEWORKS_DIR)/**",
					"$(SRCROOT)/**",
				);
				GCC_PRECOMPILE_PREFIX_HEADER = YES;
				GCC_PREFIX_HEADER = "Habari News/Habari News-Prefix.pch";
				INFOPLIST_FILE = "Habari News/Habari News-Info.plist";
				LIBRARY_SEARCH_PATHS = (
					"$(inherited)",
					"/Users/edwin-b/Development/Habari\\ News/**",
					"$(SRCROOT)/**",
					"/Users/edwin-b/Development/Habari\\ News",
				);
				PRODUCT_NAME = "$(TARGET_NAME)";
				PROVISIONING_PROFILE = "";
				WRAPPER_EXTENSION = app;
			};
			name = Debug;
		};
		9638E21B188879C200062B4C /* Release */ = {
			isa = XCBuildConfiguration;
			buildSettings = {
				ALWAYS_SEARCH_USER_PATHS = YES;
				ASSETCATALOG_COMPILER_APPICON_NAME = AppIcon;
				ASSETCATALOG_COMPILER_LAUNCHIMAGE_NAME = LaunchImage;
				CODE_SIGN_IDENTITY = "iPhone Developer";
				FRAMEWORK_SEARCH_PATHS = (
					"$(inherited)",
					"$(DEVELOPER_FRAMEWORKS_DIR)/**",
					"$(SRCROOT)/**",
				);
				GCC_PRECOMPILE_PREFIX_HEADER = YES;
				GCC_PREFIX_HEADER = "Habari News/Habari News-Prefix.pch";
				INFOPLIST_FILE = "Habari News/Habari News-Info.plist";
				LIBRARY_SEARCH_PATHS = (
					"$(inherited)",
					"/Users/edwin-b/Development/Habari\\ News/**",
					"$(SRCROOT)/**",
					"/Users/edwin-b/Development/Habari\\ News",
				);
				PRODUCT_NAME = "$(TARGET_NAME)";
				PROVISIONING_PROFILE = "";
				WRAPPER_EXTENSION = app;
			};
			name = Release;
		};
		9638E21D188879C200062B4C /* Debug */ = {
			isa = XCBuildConfiguration;
			buildSettings = {
				BUNDLE_LOADER = "$(BUILT_PRODUCTS_DIR)/Habari News.app/Habari News";
				FRAMEWORK_SEARCH_PATHS = (
					"$(SDKROOT)/Developer/Library/Frameworks",
					"$(inherited)",
					"$(DEVELOPER_FRAMEWORKS_DIR)",
				);
				GCC_PRECOMPILE_PREFIX_HEADER = YES;
				GCC_PREFIX_HEADER = "Habari News/Habari News-Prefix.pch";
				GCC_PREPROCESSOR_DEFINITIONS = (
					"DEBUG=1",
					"$(inherited)",
				);
				INFOPLIST_FILE = "Habari NewsTests/Habari NewsTests-Info.plist";
				PRODUCT_NAME = "$(TARGET_NAME)";
				TEST_HOST = "$(BUNDLE_LOADER)";
				WRAPPER_EXTENSION = xctest;
			};
			name = Debug;
		};
		9638E21E188879C200062B4C /* Release */ = {
			isa = XCBuildConfiguration;
			buildSettings = {
				BUNDLE_LOADER = "$(BUILT_PRODUCTS_DIR)/Habari News.app/Habari News";
				FRAMEWORK_SEARCH_PATHS = (
					"$(SDKROOT)/Developer/Library/Frameworks",
					"$(inherited)",
					"$(DEVELOPER_FRAMEWORKS_DIR)",
				);
				GCC_PRECOMPILE_PREFIX_HEADER = YES;
				GCC_PREFIX_HEADER = "Habari News/Habari News-Prefix.pch";
				INFOPLIST_FILE = "Habari NewsTests/Habari NewsTests-Info.plist";
				PRODUCT_NAME = "$(TARGET_NAME)";
				TEST_HOST = "$(BUNDLE_LOADER)";
				WRAPPER_EXTENSION = xctest;
			};
			name = Release;
		};
/* End XCBuildConfiguration section */

/* Begin XCConfigurationList section */
		9638E1E8188879C200062B4C /* Build configuration list for PBXProject "Habari News" */ = {
			isa = XCConfigurationList;
			buildConfigurations = (
				9638E217188879C200062B4C /* Debug */,
				9638E218188879C200062B4C /* Release */,
			);
			defaultConfigurationIsVisible = 0;
			defaultConfigurationName = Release;
		};
		9638E219188879C200062B4C /* Build configuration list for PBXNativeTarget "Habari News" */ = {
			isa = XCConfigurationList;
			buildConfigurations = (
				9638E21A188879C200062B4C /* Debug */,
				9638E21B188879C200062B4C /* Release */,
			);
			defaultConfigurationIsVisible = 0;
			defaultConfigurationName = Release;
		};
		9638E21C188879C200062B4C /* Build configuration list for PBXNativeTarget "Habari NewsTests" */ = {
			isa = XCConfigurationList;
			buildConfigurations = (
				9638E21D188879C200062B4C /* Debug */,
				9638E21E188879C200062B4C /* Release */,
			);
			defaultConfigurationIsVisible = 0;
			defaultConfigurationName = Release;
		};
/* End XCConfigurationList section */
	};
	rootObject = 9638E1E5188879C200062B4C /* Project object */;
}
